// !$*UTF8*$!
{
	archiveVersion = 1;
	classes = {
	};
	objectVersion = 48;
	objects = {

/* Begin PBXBuildFile section */
		A9C568A5215A18A700AB852A /* AppDelegate.swift in Sources */ = {isa = PBXBuildFile; fileRef = A9C568A4215A18A700AB852A /* AppDelegate.swift */; };
		A9C568A7215A18A700AB852A /* ViewController.swift in Sources */ = {isa = PBXBuildFile; fileRef = A9C568A6215A18A700AB852A /* ViewController.swift */; };
		A9C568AA215A18A700AB852A /* Main.storyboard in Resources */ = {isa = PBXBuildFile; fileRef = A9C568A8215A18A700AB852A /* Main.storyboard */; };
		A9C568AC215A18A700AB852A /* Assets.xcassets in Resources */ = {isa = PBXBuildFile; fileRef = A9C568AB215A18A700AB852A /* Assets.xcassets */; };
		A9C568AF215A18A700AB852A /* LaunchScreen.storyboard in Resources */ = {isa = PBXBuildFile; fileRef = A9C568AD215A18A700AB852A /* LaunchScreen.storyboard */; };
		A9C568B7215A193300AB852A /* MainScreenTableViewController.swift in Sources */ = {isa = PBXBuildFile; fileRef = A9C568B6215A193300AB852A /* MainScreenTableViewController.swift */; };
		A9C568B9215A198F00AB852A /* MainScreenTableViewCell.swift in Sources */ = {isa = PBXBuildFile; fileRef = A9C568B8215A198F00AB852A /* MainScreenTableViewCell.swift */; };
/* End PBXBuildFile section */

/* Begin PBXFileReference section */
		A9C568A1215A18A700AB852A /* UsingUITableViewControllerInsteadOfUITableView.app */ = {isa = PBXFileReference; explicitFileType = wrapper.application; includeInIndex = 0; path = UsingUITableViewControllerInsteadOfUITableView.app; sourceTree = BUILT_PRODUCTS_DIR; };
		A9C568A4215A18A700AB852A /* AppDelegate.swift */ = {isa = PBXFileReference; lastKnownFileType = sourcecode.swift; path = AppDelegate.swift; sourceTree = "<group>"; };
		A9C568A6215A18A700AB852A /* ViewController.swift */ = {isa = PBXFileReference; lastKnownFileType = sourcecode.swift; path = ViewController.swift; sourceTree = "<group>"; };
		A9C568A9215A18A700AB852A /* Base */ = {isa = PBXFileReference; lastKnownFileType = file.storyboard; name = Base; path = Base.lproj/Main.storyboard; sourceTree = "<group>"; };
		A9C568AB215A18A700AB852A /* Assets.xcassets */ = {isa = PBXFileReference; lastKnownFileType = folder.assetcatalog; path = Assets.xcassets; sourceTree = "<group>"; };
		A9C568AE215A18A700AB852A /* Base */ = {isa = PBXFileReference; lastKnownFileType = file.storyboard; name = Base; path = Base.lproj/LaunchScreen.storyboard; sourceTree = "<group>"; };
		A9C568B0215A18A700AB852A /* Info.plist */ = {isa = PBXFileReference; lastKnownFileType = text.plist.xml; path = Info.plist; sourceTree = "<group>"; };
		A9C568B6215A193300AB852A /* MainScreenTableViewController.swift */ = {isa = PBXFileReference; lastKnownFileType = sourcecode.swift; path = MainScreenTableViewController.swift; sourceTree = "<group>"; };
		A9C568B8215A198F00AB852A /* MainScreenTableViewCell.swift */ = {isa = PBXFileReference; lastKnownFileType = sourcecode.swift; path = MainScreenTableViewCell.swift; sourceTree = "<group>"; };
/* End PBXFileReference section */

/* Begin PBXFrameworksBuildPhase section */
		A9C5689E215A18A700AB852A /* Frameworks */ = {
			isa = PBXFrameworksBuildPhase;
			buildActionMask = 2147483647;
			files = (
			);
			runOnlyForDeploymentPostprocessing = 0;
		};
/* End PBXFrameworksBuildPhase section */

/* Begin PBXGroup section */
		A9C56898215A18A700AB852A = {
			isa = PBXGroup;
			children = (
				A9C568A3215A18A700AB852A /* UsingUITableViewControllerInsteadOfUITableView */,
				A9C568A2215A18A700AB852A /* Products */,
			);
			sourceTree = "<group>";
		};
		A9C568A2215A18A700AB852A /* Products */ = {
			isa = PBXGroup;
			children = (
				A9C568A1215A18A700AB852A /* UsingUITableViewControllerInsteadOfUITableView.app */,
			);
			name = Products;
			sourceTree = "<group>";
		};
		A9C568A3215A18A700AB852A /* UsingUITableViewControllerInsteadOfUITableView */ = {
			isa = PBXGroup;
			children = (
				A9C568A4215A18A700AB852A /* AppDelegate.swift */,
				A9C568A6215A18A700AB852A /* ViewController.swift */,
				A9C568B6215A193300AB852A /* MainScreenTableViewController.swift */,
				A9C568A8215A18A700AB852A /* Main.storyboard */,
				A9C568AB215A18A700AB852A /* Assets.xcassets */,
				A9C568AD215A18A700AB852A /* LaunchScreen.storyboard */,
				A9C568B0215A18A700AB852A /* Info.plist */,
				A9C568B8215A198F00AB852A /* MainScreenTableViewCell.swift */,
			);
			path = UsingUITableViewControllerInsteadOfUITableView;
			sourceTree = "<group>";
		};
/* End PBXGroup section */

/* Begin PBXNativeTarget section */
		A9C568A0215A18A700AB852A /* UsingUITableViewControllerInsteadOfUITableView */ = {
			isa = PBXNativeTarget;
			buildConfigurationList = A9C568B3215A18A700AB852A /* Build configuration list for PBXNativeTarget "UsingUITableViewControllerInsteadOfUITableView" */;
			buildPhases = (
				A9C5689D215A18A700AB852A /* Sources */,
				A9C5689E215A18A700AB852A /* Frameworks */,
				A9C5689F215A18A700AB852A /* Resources */,
			);
			buildRules = (
			);
			dependencies = (
			);
			name = UsingUITableViewControllerInsteadOfUITableView;
			productName = UsingUITableViewControllerInsteadOfUITableView;
			productReference = A9C568A1215A18A700AB852A /* UsingUITableViewControllerInsteadOfUITableView.app */;
			productType = "com.apple.product-type.application";
		};
/* End PBXNativeTarget section */

/* Begin PBXProject section */
		A9C56899215A18A700AB852A /* Project object */ = {
			isa = PBXProject;
			attributes = {
				LastSwiftUpdateCheck = 0920;
				LastUpgradeCheck = 0920;
				ORGANIZATIONNAME = "Kalin Karev";
				TargetAttributes = {
					A9C568A0215A18A700AB852A = {
						CreatedOnToolsVersion = 9.2;
						ProvisioningStyle = Automatic;
					};
				};
			};
			buildConfigurationList = A9C5689C215A18A700AB852A /* Build configuration list for PBXProject "UsingUITableViewControllerInsteadOfUITableView" */;
			compatibilityVersion = "Xcode 8.0";
			developmentRegion = en;
			hasScannedForEncodings = 0;
			knownRegions = (
				en,
				Base,
			);
			mainGroup = A9C56898215A18A700AB852A;
			productRefGroup = A9C568A2215A18A700AB852A /* Products */;
			projectDirPath = "";
			projectRoot = "";
			targets = (
				A9C568A0215A18A700AB852A /* UsingUITableViewControllerInsteadOfUITableView */,
			);
		};
/* End PBXProject section */

/* Begin PBXResourcesBuildPhase section */
		A9C5689F215A18A700AB852A /* Resources */ = {
			isa = PBXResourcesBuildPhase;
			buildActionMask = 2147483647;
			files = (
				A9C568AF215A18A700AB852A /* LaunchScreen.storyboard in Resources */,
				A9C568AC215A18A700AB852A /* Assets.xcassets in Resources */,
				A9C568AA215A18A700AB852A /* Main.storyboard in Resources */,
			);
			runOnlyForDeploymentPostprocessing = 0;
		};
/* End PBXResourcesBuildPhase section */

/* Begin PBXSourcesBuildPhase section */
		A9C5689D215A18A700AB852A /* Sources */ = {
			isa = PBXSourcesBuildPhase;
			buildActionMask = 2147483647;
			files = (
				A9C568B9215A198F00AB852A /* MainScreenTableViewCell.swift in Sources */,
				A9C568B7215A193300AB852A /* MainScreenTableViewController.swift in Sources */,
				A9C568A7215A18A700AB852A /* ViewController.swift in Sources */,
				A9C568A5215A18A700AB852A /* AppDelegate.swift in Sources */,
			);
			runOnlyForDeploymentPostprocessing = 0;
		};
/* End PBXSourcesBuildPhase section */

/* Begin PBXVariantGroup section */
		A9C568A8215A18A700AB852A /* Main.storyboard */ = {
			isa = PBXVariantGroup;
			children = (
				A9C568A9215A18A700AB852A /* Base */,
			);
			name = Main.storyboard;
			sourceTree = "<group>";
		};
		A9C568AD215A18A700AB852A /* LaunchScreen.storyboard */ = {
			isa = PBXVariantGroup;
			children = (
				A9C568AE215A18A700AB852A /* Base */,
			);
			name = LaunchScreen.storyboard;
			sourceTree = "<group>";
		};
/* End PBXVariantGroup section */

/* Begin XCBuildConfiguration section */
		A9C568B1215A18A700AB852A /* Debug */ = {
			isa = XCBuildConfiguration;
			buildSettings = {
				ALWAYS_SEARCH_USER_PATHS = NO;
				CLANG_ANALYZER_NONNULL = YES;
				CLANG_ANALYZER_NUMBER_OBJECT_CONVERSION = YES_AGGRESSIVE;
				CLANG_CXX_LANGUAGE_STANDARD = "gnu++14";
				CLANG_CXX_LIBRARY = "libc++";
				CLANG_ENABLE_MODULES = YES;
				CLANG_ENABLE_OBJC_ARC = YES;
				CLANG_WARN_BLOCK_CAPTURE_AUTORELEASING = YES;
				CLANG_WARN_BOOL_CONVERSION = YES;
				CLANG_WARN_COMMA = YES;
				CLANG_WARN_CONSTANT_CONVERSION = YES;
				CLANG_WARN_DIRECT_OBJC_ISA_USAGE = YES_ERROR;
				CLANG_WARN_DOCUMENTATION_COMMENTS = YES;
				CLANG_WARN_EMPTY_BODY = YES;
				CLANG_WARN_ENUM_CONVERSION = YES;
				CLANG_WARN_INFINITE_RECURSION = YES;
				CLANG_WARN_INT_CONVERSION = YES;
				CLANG_WARN_NON_LITERAL_NULL_CONVERSION = YES;
				CLANG_WARN_OBJC_LITERAL_CONVERSION = YES;
				CLANG_WARN_OBJC_ROOT_CLASS = YES_ERROR;
				CLANG_WARN_RANGE_LOOP_ANALYSIS = YES;
				CLANG_WARN_STRICT_PROTOTYPES = YES;
				CLANG_WARN_SUSPICIOUS_MOVE = YES;
				CLANG_WARN_UNGUARDED_AVAILABILITY = YES_AGGRESSIVE;
				CLANG_WARN_UNREACHABLE_CODE = YES;
				CLANG_WARN__DUPLICATE_METHOD_MATCH = YES;
				CODE_SIGN_IDENTITY = "iPhone Developer";
				COPY_PHASE_STRIP = NO;
				DEBUG_INFORMATION_FORMAT = dwarf;
				ENABLE_STRICT_OBJC_MSGSEND = YES;
				ENABLE_TESTABILITY = YES;
				GCC_C_LANGUAGE_STANDARD = gnu11;
				GCC_DYNAMIC_NO_PIC = NO;
				GCC_NO_COMMON_BLOCKS = YES;
				GCC_OPTIMIZATION_LEVEL = 0;
				GCC_PREPROCESSOR_DEFINITIONS = (
					"DEBUG=1",
					"$(inherited)",
				);
				GCC_WARN_64_TO_32_BIT_CONVERSION = YES;
				GCC_WARN_ABOUT_RETURN_TYPE = YES_ERROR;
				GCC_WARN_UNDECLARED_SELECTOR = YES;
				GCC_WARN_UNINITIALIZED_AUTOS = YES_AGGRESSIVE;
				GCC_WARN_UNUSED_FUNCTION = YES;
				GCC_WARN_UNUSED_VARIABLE = YES;
				IPHONEOS_DEPLOYMENT_TARGET = 11.2;
				MTL_ENABLE_DEBUG_INFO = YES;
				ONLY_ACTIVE_ARCH = YES;
				SDKROOT = iphoneos;
				SWIFT_ACTIVE_COMPILATION_CONDITIONS = DEBUG;
				SWIFT_OPTIMIZATION_LEVEL = "-Onone";
			};
			name = Debug;
		};
		A9C568B2215A18A700AB852A /* Release */ = {
			isa = XCBuildConfiguration;
			buildSettings = {
				ALWAYS_SEARCH_USER_PATHS = NO;
				CLANG_ANALYZER_NONNULL = YES;
				CLANG_ANALYZER_NUMBER_OBJECT_CONVERSION = YES_AGGRESSIVE;
				CLANG_CXX_LANGUAGE_STANDARD = "gnu++14";
				CLANG_CXX_LIBRARY = "libc++";
				CLANG_ENABLE_MODULES = YES;
				CLANG_ENABLE_OBJC_ARC = YES;
				CLANG_WARN_BLOCK_CAPTURE_AUTORELEASING = YES;
				CLANG_WARN_BOOL_CONVERSION = YES;
				CLANG_WARN_COMMA = YES;
				CLANG_WARN_CONSTANT_CONVERSION = YES;
				CLANG_WARN_DIRECT_OBJC_ISA_USAGE = YES_ERROR;
				CLANG_WARN_DOCUMENTATION_COMMENTS = YES;
				CLANG_WARN_EMPTY_BODY = YES;
				CLANG_WARN_ENUM_CONVERSION = YES;
				CLANG_WARN_INFINITE_RECURSION = YES;
				CLANG_WARN_INT_CONVERSION = YES;
				CLANG_WARN_NON_LITERAL_NULL_CONVERSION = YES;
				CLANG_WARN_OBJC_LITERAL_CONVERSION = YES;
				CLANG_WARN_OBJC_ROOT_CLASS = YES_ERROR;
				CLANG_WARN_RANGE_LOOP_ANALYSIS = YES;
				CLANG_WARN_STRICT_PROTOTYPES = YES;
				CLANG_WARN_SUSPICIOUS_MOVE = YES;
				CLANG_WARN_UNGUARDED_AVAILABILITY = YES_AGGRESSIVE;
				CLANG_WARN_UNREACHABLE_CODE = YES;
				CLANG_WARN__DUPLICATE_METHOD_MATCH = YES;
				CODE_SIGN_IDENTITY = "iPhone Developer";
				COPY_PHASE_STRIP = NO;
				DEBUG_INFORMATION_FORMAT = "dwarf-with-dsym";
				ENABLE_NS_ASSERTIONS = NO;
				ENABLE_STRICT_OBJC_MSGSEND = YES;
				GCC_C_LANGUAGE_STANDARD = gnu11;
				GCC_NO_COMMON_BLOCKS = YES;
				GCC_WARN_64_TO_32_BIT_CONVERSION = YES;
				GCC_WARN_ABOUT_RETURN_TYPE = YES_ERROR;
				GCC_WARN_UNDECLARED_SELECTOR = YES;
				GCC_WARN_UNINITIALIZED_AUTOS = YES_AGGRESSIVE;
				GCC_WARN_UNUSED_FUNCTION = YES;
				GCC_WARN_UNUSED_VARIABLE = YES;
				IPHONEOS_DEPLOYMENT_TARGET = 11.2;
				MTL_ENABLE_DEBUG_INFO = NO;
				SDKROOT = iphoneos;
				SWIFT_OPTIMIZATION_LEVEL = "-Owholemodule";
				VALIDATE_PRODUCT = YES;
			};
			name = Release;
		};
		A9C568B4215A18A700AB852A /* Debug */ = {
			isa = XCBuildConfiguration;
			buildSettings = {
				ASSETCATALOG_COMPILER_APPICON_NAME = AppIcon;
				CODE_SIGN_STYLE = Automatic;
				DEVELOPMENT_TEAM = C27L7H3CHY;
				INFOPLIST_FILE = UsingUITableViewControllerInsteadOfUITableView/Info.plist;
				LD_RUNPATH_SEARCH_PATHS = "$(inherited) @executable_path/Frameworks";
				PRODUCT_BUNDLE_IDENTIFIER = com.example.UsingUITableViewControllerInsteadOfUITableView;
				PRODUCT_NAME = "$(TARGET_NAME)";
				SWIFT_VERSION = 4.0;
				TARGETED_DEVICE_FAMILY = "1,2";
			};
			name = Debug;
		};
		A9C568B5215A18A700AB852A /* Release */ = {
			isa = XCBuildConfiguration;
			buildSettings = {
				ASSETCATALOG_COMPILER_APPICON_NAME = AppIcon;
				CODE_SIGN_STYLE = Automatic;
				DEVELOPMENT_TEAM = C27L7H3CHY;
				INFOPLIST_FILE = UsingUITableViewControllerInsteadOfUITableView/Info.plist;
				LD_RUNPATH_SEARCH_PATHS = "$(inherited) @executable_path/Frameworks";
				PRODUCT_BUNDLE_IDENTIFIER = com.example.UsingUITableViewControllerInsteadOfUITableView;
				PRODUCT_NAME = "$(TARGET_NAME)";
				SWIFT_VERSION = 4.0;
				TARGETED_DEVICE_FAMILY = "1,2";
			};
			name = Release;
		};
/* End XCBuildConfiguration section */

/* Begin XCConfigurationList section */
		A9C5689C215A18A700AB852A /* Build configuration list for PBXProject "UsingUITableViewControllerInsteadOfUITableView" */ = {
			isa = XCConfigurationList;
			buildConfigurations = (
				A9C568B1215A18A700AB852A /* Debug */,
				A9C568B2215A18A700AB852A /* Release */,
			);
			defaultConfigurationIsVisible = 0;
			defaultConfigurationName = Release;
		};
		A9C568B3215A18A700AB852A /* Build configuration list for PBXNativeTarget "UsingUITableViewControllerInsteadOfUITableView" */ = {
			isa = XCConfigurationList;
			buildConfigurations = (
				A9C568B4215A18A700AB852A /* Debug */,
				A9C568B5215A18A700AB852A /* Release */,
			);
			defaultConfigurationIsVisible = 0;
			defaultConfigurationName = Release;
		};
/* End XCConfigurationList section */
	};
	rootObject = A9C56899215A18A700AB852A /* Project object */;
}
