// !$*UTF8*$!
{
	archiveVersion = 1;
	classes = {
	};
	objectVersion = 48;
	objects = {

/* Begin PBXBuildFile section */
		A9C5BAD2212A969000121B5F /* AppDelegate.swift in Sources */ = {isa = PBXBuildFile; fileRef = A9C5BAD1212A969000121B5F /* AppDelegate.swift */; };
		A9C5BAD4212A969000121B5F /* ViewController.swift in Sources */ = {isa = PBXBuildFile; fileRef = A9C5BAD3212A969000121B5F /* ViewController.swift */; };
		A9C5BAD7212A969000121B5F /* Main.storyboard in Resources */ = {isa = PBXBuildFile; fileRef = A9C5BAD5212A969000121B5F /* Main.storyboard */; };
		A9C5BAD9212A969000121B5F /* Assets.xcassets in Resources */ = {isa = PBXBuildFile; fileRef = A9C5BAD8212A969000121B5F /* Assets.xcassets */; };
		A9C5BADC212A969000121B5F /* LaunchScreen.storyboard in Resources */ = {isa = PBXBuildFile; fileRef = A9C5BADA212A969000121B5F /* LaunchScreen.storyboard */; };
		A9C5BAE4212A974300121B5F /* PrototypeTableViewCell.swift in Sources */ = {isa = PBXBuildFile; fileRef = A9C5BAE3212A974300121B5F /* PrototypeTableViewCell.swift */; };
/* End PBXBuildFile section */

/* Begin PBXFileReference section */
		A9C5BACE212A969000121B5F /* TableViewThatToShowDictionary.app */ = {isa = PBXFileReference; explicitFileType = wrapper.application; includeInIndex = 0; path = TableViewThatToShowDictionary.app; sourceTree = BUILT_PRODUCTS_DIR; };
		A9C5BAD1212A969000121B5F /* AppDelegate.swift */ = {isa = PBXFileReference; lastKnownFileType = sourcecode.swift; path = AppDelegate.swift; sourceTree = "<group>"; };
		A9C5BAD3212A969000121B5F /* ViewController.swift */ = {isa = PBXFileReference; lastKnownFileType = sourcecode.swift; path = ViewController.swift; sourceTree = "<group>"; };
		A9C5BAD6212A969000121B5F /* Base */ = {isa = PBXFileReference; lastKnownFileType = file.storyboard; name = Base; path = Base.lproj/Main.storyboard; sourceTree = "<group>"; };
		A9C5BAD8212A969000121B5F /* Assets.xcassets */ = {isa = PBXFileReference; lastKnownFileType = folder.assetcatalog; path = Assets.xcassets; sourceTree = "<group>"; };
		A9C5BADB212A969000121B5F /* Base */ = {isa = PBXFileReference; lastKnownFileType = file.storyboard; name = Base; path = Base.lproj/LaunchScreen.storyboard; sourceTree = "<group>"; };
		A9C5BADD212A969000121B5F /* Info.plist */ = {isa = PBXFileReference; lastKnownFileType = text.plist.xml; path = Info.plist; sourceTree = "<group>"; };
		A9C5BAE3212A974300121B5F /* PrototypeTableViewCell.swift */ = {isa = PBXFileReference; lastKnownFileType = sourcecode.swift; path = PrototypeTableViewCell.swift; sourceTree = "<group>"; };
/* End PBXFileReference section */

/* Begin PBXFrameworksBuildPhase section */
		A9C5BACB212A968F00121B5F /* Frameworks */ = {
			isa = PBXFrameworksBuildPhase;
			buildActionMask = 2147483647;
			files = (
			);
			runOnlyForDeploymentPostprocessing = 0;
		};
/* End PBXFrameworksBuildPhase section */

/* Begin PBXGroup section */
		A9C5BAC5212A968F00121B5F = {
			isa = PBXGroup;
			children = (
				A9C5BAD0212A969000121B5F /* TableViewThatToShowDictionary */,
				A9C5BACF212A969000121B5F /* Products */,
			);
			sourceTree = "<group>";
		};
		A9C5BACF212A969000121B5F /* Products */ = {
			isa = PBXGroup;
			children = (
				A9C5BACE212A969000121B5F /* TableViewThatToShowDictionary.app */,
			);
			name = Products;
			sourceTree = "<group>";
		};
		A9C5BAD0212A969000121B5F /* TableViewThatToShowDictionary */ = {
			isa = PBXGroup;
			children = (
				A9C5BAD1212A969000121B5F /* AppDelegate.swift */,
				A9C5BAD3212A969000121B5F /* ViewController.swift */,
				A9C5BAE3212A974300121B5F /* PrototypeTableViewCell.swift */,
				A9C5BAD5212A969000121B5F /* Main.storyboard */,
				A9C5BAD8212A969000121B5F /* Assets.xcassets */,
				A9C5BADA212A969000121B5F /* LaunchScreen.storyboard */,
				A9C5BADD212A969000121B5F /* Info.plist */,
			);
			path = TableViewThatToShowDictionary;
			sourceTree = "<group>";
		};
/* End PBXGroup section */

/* Begin PBXNativeTarget section */
		A9C5BACD212A968F00121B5F /* TableViewThatToShowDictionary */ = {
			isa = PBXNativeTarget;
			buildConfigurationList = A9C5BAE0212A969000121B5F /* Build configuration list for PBXNativeTarget "TableViewThatToShowDictionary" */;
			buildPhases = (
				A9C5BACA212A968F00121B5F /* Sources */,
				A9C5BACB212A968F00121B5F /* Frameworks */,
				A9C5BACC212A968F00121B5F /* Resources */,
			);
			buildRules = (
			);
			dependencies = (
			);
			name = TableViewThatToShowDictionary;
			productName = TableViewThatToShowDictionary;
			productReference = A9C5BACE212A969000121B5F /* TableViewThatToShowDictionary.app */;
			productType = "com.apple.product-type.application";
		};
/* End PBXNativeTarget section */

/* Begin PBXProject section */
		A9C5BAC6212A968F00121B5F /* Project object */ = {
			isa = PBXProject;
			attributes = {
				LastSwiftUpdateCheck = 0920;
				LastUpgradeCheck = 0920;
				ORGANIZATIONNAME = "Kalin Karev";
				TargetAttributes = {
					A9C5BACD212A968F00121B5F = {
						CreatedOnToolsVersion = 9.2;
						ProvisioningStyle = Automatic;
					};
				};
			};
			buildConfigurationList = A9C5BAC9212A968F00121B5F /* Build configuration list for PBXProject "TableViewThatToShowDictionary" */;
			compatibilityVersion = "Xcode 8.0";
			developmentRegion = en;
			hasScannedForEncodings = 0;
			knownRegions = (
				en,
				Base,
			);
			mainGroup = A9C5BAC5212A968F00121B5F;
			productRefGroup = A9C5BACF212A969000121B5F /* Products */;
			projectDirPath = "";
			projectRoot = "";
			targets = (
				A9C5BACD212A968F00121B5F /* TableViewThatToShowDictionary */,
			);
		};
/* End PBXProject section */

/* Begin PBXResourcesBuildPhase section */
		A9C5BACC212A968F00121B5F /* Resources */ = {
			isa = PBXResourcesBuildPhase;
			buildActionMask = 2147483647;
			files = (
				A9C5BADC212A969000121B5F /* LaunchScreen.storyboard in Resources */,
				A9C5BAD9212A969000121B5F /* Assets.xcassets in Resources */,
				A9C5BAD7212A969000121B5F /* Main.storyboard in Resources */,
			);
			runOnlyForDeploymentPostprocessing = 0;
		};
/* End PBXResourcesBuildPhase section */

/* Begin PBXSourcesBuildPhase section */
		A9C5BACA212A968F00121B5F /* Sources */ = {
			isa = PBXSourcesBuildPhase;
			buildActionMask = 2147483647;
			files = (
				A9C5BAD4212A969000121B5F /* ViewController.swift in Sources */,
				A9C5BAD2212A969000121B5F /* AppDelegate.swift in Sources */,
				A9C5BAE4212A974300121B5F /* PrototypeTableViewCell.swift in Sources */,
			);
			runOnlyForDeploymentPostprocessing = 0;
		};
/* End PBXSourcesBuildPhase section */

/* Begin PBXVariantGroup section */
		A9C5BAD5212A969000121B5F /* Main.storyboard */ = {
			isa = PBXVariantGroup;
			children = (
				A9C5BAD6212A969000121B5F /* Base */,
			);
			name = Main.storyboard;
			sourceTree = "<group>";
		};
		A9C5BADA212A969000121B5F /* LaunchScreen.storyboard */ = {
			isa = PBXVariantGroup;
			children = (
				A9C5BADB212A969000121B5F /* Base */,
			);
			name = LaunchScreen.storyboard;
			sourceTree = "<group>";
		};
/* End PBXVariantGroup section */

/* Begin XCBuildConfiguration section */
		A9C5BADE212A969000121B5F /* Debug */ = {
			isa = XCBuildConfiguration;
			buildSettings = {
				ALWAYS_SEARCH_USER_PATHS = NO;
				CLANG_ANALYZER_NONNULL = YES;
				CLANG_ANALYZER_NUMBER_OBJECT_CONVERSION = YES_AGGRESSIVE;
				CLANG_CXX_LANGUAGE_STANDARD = "gnu++14";
				CLANG_CXX_LIBRARY = "libc++";
				CLANG_ENABLE_MODULES = YES;
				CLANG_ENABLE_OBJC_ARC = YES;
				CLANG_WARN_BLOCK_CAPTURE_AUTORELEASING = YES;
				CLANG_WARN_BOOL_CONVERSION = YES;
				CLANG_WARN_COMMA = YES;
				CLANG_WARN_CONSTANT_CONVERSION = YES;
				CLANG_WARN_DIRECT_OBJC_ISA_USAGE = YES_ERROR;
				CLANG_WARN_DOCUMENTATION_COMMENTS = YES;
				CLANG_WARN_EMPTY_BODY = YES;
				CLANG_WARN_ENUM_CONVERSION = YES;
				CLANG_WARN_INFINITE_RECURSION = YES;
				CLANG_WARN_INT_CONVERSION = YES;
				CLANG_WARN_NON_LITERAL_NULL_CONVERSION = YES;
				CLANG_WARN_OBJC_LITERAL_CONVERSION = YES;
				CLANG_WARN_OBJC_ROOT_CLASS = YES_ERROR;
				CLANG_WARN_RANGE_LOOP_ANALYSIS = YES;
				CLANG_WARN_STRICT_PROTOTYPES = YES;
				CLANG_WARN_SUSPICIOUS_MOVE = YES;
				CLANG_WARN_UNGUARDED_AVAILABILITY = YES_AGGRESSIVE;
				CLANG_WARN_UNREACHABLE_CODE = YES;
				CLANG_WARN__DUPLICATE_METHOD_MATCH = YES;
				CODE_SIGN_IDENTITY = "iPhone Developer";
				COPY_PHASE_STRIP = NO;
				DEBUG_INFORMATION_FORMAT = dwarf;
				ENABLE_STRICT_OBJC_MSGSEND = YES;
				ENABLE_TESTABILITY = YES;
				GCC_C_LANGUAGE_STANDARD = gnu11;
				GCC_DYNAMIC_NO_PIC = NO;
				GCC_NO_COMMON_BLOCKS = YES;
				GCC_OPTIMIZATION_LEVEL = 0;
				GCC_PREPROCESSOR_DEFINITIONS = (
					"DEBUG=1",
					"$(inherited)",
				);
				GCC_WARN_64_TO_32_BIT_CONVERSION = YES;
				GCC_WARN_ABOUT_RETURN_TYPE = YES_ERROR;
				GCC_WARN_UNDECLARED_SELECTOR = YES;
				GCC_WARN_UNINITIALIZED_AUTOS = YES_AGGRESSIVE;
				GCC_WARN_UNUSED_FUNCTION = YES;
				GCC_WARN_UNUSED_VARIABLE = YES;
				IPHONEOS_DEPLOYMENT_TARGET = 11.2;
				MTL_ENABLE_DEBUG_INFO = YES;
				ONLY_ACTIVE_ARCH = YES;
				SDKROOT = iphoneos;
				SWIFT_ACTIVE_COMPILATION_CONDITIONS = DEBUG;
				SWIFT_OPTIMIZATION_LEVEL = "-Onone";
			};
			name = Debug;
		};
		A9C5BADF212A969000121B5F /* Release */ = {
			isa = XCBuildConfiguration;
			buildSettings = {
				ALWAYS_SEARCH_USER_PATHS = NO;
				CLANG_ANALYZER_NONNULL = YES;
				CLANG_ANALYZER_NUMBER_OBJECT_CONVERSION = YES_AGGRESSIVE;
				CLANG_CXX_LANGUAGE_STANDARD = "gnu++14";
				CLANG_CXX_LIBRARY = "libc++";
				CLANG_ENABLE_MODULES = YES;
				CLANG_ENABLE_OBJC_ARC = YES;
				CLANG_WARN_BLOCK_CAPTURE_AUTORELEASING = YES;
				CLANG_WARN_BOOL_CONVERSION = YES;
				CLANG_WARN_COMMA = YES;
				CLANG_WARN_CONSTANT_CONVERSION = YES;
				CLANG_WARN_DIRECT_OBJC_ISA_USAGE = YES_ERROR;
				CLANG_WARN_DOCUMENTATION_COMMENTS = YES;
				CLANG_WARN_EMPTY_BODY = YES;
				CLANG_WARN_ENUM_CONVERSION = YES;
				CLANG_WARN_INFINITE_RECURSION = YES;
				CLANG_WARN_INT_CONVERSION = YES;
				CLANG_WARN_NON_LITERAL_NULL_CONVERSION = YES;
				CLANG_WARN_OBJC_LITERAL_CONVERSION = YES;
				CLANG_WARN_OBJC_ROOT_CLASS = YES_ERROR;
				CLANG_WARN_RANGE_LOOP_ANALYSIS = YES;
				CLANG_WARN_STRICT_PROTOTYPES = YES;
				CLANG_WARN_SUSPICIOUS_MOVE = YES;
				CLANG_WARN_UNGUARDED_AVAILABILITY = YES_AGGRESSIVE;
				CLANG_WARN_UNREACHABLE_CODE = YES;
				CLANG_WARN__DUPLICATE_METHOD_MATCH = YES;
				CODE_SIGN_IDENTITY = "iPhone Developer";
				COPY_PHASE_STRIP = NO;
				DEBUG_INFORMATION_FORMAT = "dwarf-with-dsym";
				ENABLE_NS_ASSERTIONS = NO;
				ENABLE_STRICT_OBJC_MSGSEND = YES;
				GCC_C_LANGUAGE_STANDARD = gnu11;
				GCC_NO_COMMON_BLOCKS = YES;
				GCC_WARN_64_TO_32_BIT_CONVERSION = YES;
				GCC_WARN_ABOUT_RETURN_TYPE = YES_ERROR;
				GCC_WARN_UNDECLARED_SELECTOR = YES;
				GCC_WARN_UNINITIALIZED_AUTOS = YES_AGGRESSIVE;
				GCC_WARN_UNUSED_FUNCTION = YES;
				GCC_WARN_UNUSED_VARIABLE = YES;
				IPHONEOS_DEPLOYMENT_TARGET = 11.2;
				MTL_ENABLE_DEBUG_INFO = NO;
				SDKROOT = iphoneos;
				SWIFT_OPTIMIZATION_LEVEL = "-Owholemodule";
				VALIDATE_PRODUCT = YES;
			};
			name = Release;
		};
		A9C5BAE1212A969000121B5F /* Debug */ = {
			isa = XCBuildConfiguration;
			buildSettings = {
				ASSETCATALOG_COMPILER_APPICON_NAME = AppIcon;
				CODE_SIGN_STYLE = Automatic;
				INFOPLIST_FILE = TableViewThatToShowDictionary/Info.plist;
				LD_RUNPATH_SEARCH_PATHS = "$(inherited) @executable_path/Frameworks";
				PRODUCT_BUNDLE_IDENTIFIER = com.example.TableViewThatToShowDictionary;
				PRODUCT_NAME = "$(TARGET_NAME)";
				SWIFT_VERSION = 4.0;
				TARGETED_DEVICE_FAMILY = "1,2";
			};
			name = Debug;
		};
		A9C5BAE2212A969000121B5F /* Release */ = {
			isa = XCBuildConfiguration;
			buildSettings = {
				ASSETCATALOG_COMPILER_APPICON_NAME = AppIcon;
				CODE_SIGN_STYLE = Automatic;
				INFOPLIST_FILE = TableViewThatToShowDictionary/Info.plist;
				LD_RUNPATH_SEARCH_PATHS = "$(inherited) @executable_path/Frameworks";
				PRODUCT_BUNDLE_IDENTIFIER = com.example.TableViewThatToShowDictionary;
				PRODUCT_NAME = "$(TARGET_NAME)";
				SWIFT_VERSION = 4.0;
				TARGETED_DEVICE_FAMILY = "1,2";
			};
			name = Release;
		};
/* End XCBuildConfiguration section */

/* Begin XCConfigurationList section */
		A9C5BAC9212A968F00121B5F /* Build configuration list for PBXProject "TableViewThatToShowDictionary" */ = {
			isa = XCConfigurationList;
			buildConfigurations = (
				A9C5BADE212A969000121B5F /* Debug */,
				A9C5BADF212A969000121B5F /* Release */,
			);
			defaultConfigurationIsVisible = 0;
			defaultConfigurationName = Release;
		};
		A9C5BAE0212A969000121B5F /* Build configuration list for PBXNativeTarget "TableViewThatToShowDictionary" */ = {
			isa = XCConfigurationList;
			buildConfigurations = (
				A9C5BAE1212A969000121B5F /* Debug */,
				A9C5BAE2212A969000121B5F /* Release */,
			);
			defaultConfigurationIsVisible = 0;
			defaultConfigurationName = Release;
		};
/* End XCConfigurationList section */
	};
	rootObject = A9C5BAC6212A968F00121B5F /* Project object */;
}
