// !$*UTF8*$!
{
	archiveVersion = 1;
	classes = {
	};
	objectVersion = 48;
	objects = {

/* Begin PBXBuildFile section */
		A94F6F1C2126E59D00CD0A82 /* AppDelegate.swift in Sources */ = {isa = PBXBuildFile; fileRef = A94F6F1B2126E59D00CD0A82 /* AppDelegate.swift */; };
		A94F6F1E2126E59D00CD0A82 /* ViewController.swift in Sources */ = {isa = PBXBuildFile; fileRef = A94F6F1D2126E59D00CD0A82 /* ViewController.swift */; };
		A94F6F212126E59D00CD0A82 /* Main.storyboard in Resources */ = {isa = PBXBuildFile; fileRef = A94F6F1F2126E59D00CD0A82 /* Main.storyboard */; };
		A94F6F232126E59D00CD0A82 /* Assets.xcassets in Resources */ = {isa = PBXBuildFile; fileRef = A94F6F222126E59D00CD0A82 /* Assets.xcassets */; };
		A94F6F262126E59D00CD0A82 /* LaunchScreen.storyboard in Resources */ = {isa = PBXBuildFile; fileRef = A94F6F242126E59D00CD0A82 /* LaunchScreen.storyboard */; };
		A94F6F2E2126E6F300CD0A82 /* AddViewController.swift in Sources */ = {isa = PBXBuildFile; fileRef = A94F6F2D2126E6F300CD0A82 /* AddViewController.swift */; };
		A94F6F302126ED7800CD0A82 /* MainScreenTableViewCell.swift in Sources */ = {isa = PBXBuildFile; fileRef = A94F6F2F2126ED7800CD0A82 /* MainScreenTableViewCell.swift */; };
		A94F6F322126F04A00CD0A82 /* AddScreenTableViewCell.swift in Sources */ = {isa = PBXBuildFile; fileRef = A94F6F312126F04A00CD0A82 /* AddScreenTableViewCell.swift */; };
		A94F6F342126F3B000CD0A82 /* Object.swift in Sources */ = {isa = PBXBuildFile; fileRef = A94F6F332126F3B000CD0A82 /* Object.swift */; };
		A94F6F362126F41B00CD0A82 /* ManageObjects.swift in Sources */ = {isa = PBXBuildFile; fileRef = A94F6F352126F41B00CD0A82 /* ManageObjects.swift */; };
/* End PBXBuildFile section */

/* Begin PBXFileReference section */
		A94F6F182126E59D00CD0A82 /* MakingApplicaionThatToChangeAPropertyOfObject.app */ = {isa = PBXFileReference; explicitFileType = wrapper.application; includeInIndex = 0; path = MakingApplicaionThatToChangeAPropertyOfObject.app; sourceTree = BUILT_PRODUCTS_DIR; };
		A94F6F1B2126E59D00CD0A82 /* AppDelegate.swift */ = {isa = PBXFileReference; lastKnownFileType = sourcecode.swift; path = AppDelegate.swift; sourceTree = "<group>"; };
		A94F6F1D2126E59D00CD0A82 /* ViewController.swift */ = {isa = PBXFileReference; lastKnownFileType = sourcecode.swift; path = ViewController.swift; sourceTree = "<group>"; };
		A94F6F202126E59D00CD0A82 /* Base */ = {isa = PBXFileReference; lastKnownFileType = file.storyboard; name = Base; path = Base.lproj/Main.storyboard; sourceTree = "<group>"; };
		A94F6F222126E59D00CD0A82 /* Assets.xcassets */ = {isa = PBXFileReference; lastKnownFileType = folder.assetcatalog; path = Assets.xcassets; sourceTree = "<group>"; };
		A94F6F252126E59D00CD0A82 /* Base */ = {isa = PBXFileReference; lastKnownFileType = file.storyboard; name = Base; path = Base.lproj/LaunchScreen.storyboard; sourceTree = "<group>"; };
		A94F6F272126E59D00CD0A82 /* Info.plist */ = {isa = PBXFileReference; lastKnownFileType = text.plist.xml; path = Info.plist; sourceTree = "<group>"; };
		A94F6F2D2126E6F300CD0A82 /* AddViewController.swift */ = {isa = PBXFileReference; lastKnownFileType = sourcecode.swift; path = AddViewController.swift; sourceTree = "<group>"; };
		A94F6F2F2126ED7800CD0A82 /* MainScreenTableViewCell.swift */ = {isa = PBXFileReference; lastKnownFileType = sourcecode.swift; path = MainScreenTableViewCell.swift; sourceTree = "<group>"; };
		A94F6F312126F04A00CD0A82 /* AddScreenTableViewCell.swift */ = {isa = PBXFileReference; lastKnownFileType = sourcecode.swift; path = AddScreenTableViewCell.swift; sourceTree = "<group>"; };
		A94F6F332126F3B000CD0A82 /* Object.swift */ = {isa = PBXFileReference; lastKnownFileType = sourcecode.swift; path = Object.swift; sourceTree = "<group>"; };
		A94F6F352126F41B00CD0A82 /* ManageObjects.swift */ = {isa = PBXFileReference; lastKnownFileType = sourcecode.swift; path = ManageObjects.swift; sourceTree = "<group>"; };
/* End PBXFileReference section */

/* Begin PBXFrameworksBuildPhase section */
		A94F6F152126E59D00CD0A82 /* Frameworks */ = {
			isa = PBXFrameworksBuildPhase;
			buildActionMask = 2147483647;
			files = (
			);
			runOnlyForDeploymentPostprocessing = 0;
		};
/* End PBXFrameworksBuildPhase section */

/* Begin PBXGroup section */
		A94F6F0F2126E59D00CD0A82 = {
			isa = PBXGroup;
			children = (
				A94F6F1A2126E59D00CD0A82 /* MakingApplicaionThatToChangeAPropertyOfObject */,
				A94F6F192126E59D00CD0A82 /* Products */,
			);
			sourceTree = "<group>";
		};
		A94F6F192126E59D00CD0A82 /* Products */ = {
			isa = PBXGroup;
			children = (
				A94F6F182126E59D00CD0A82 /* MakingApplicaionThatToChangeAPropertyOfObject.app */,
			);
			name = Products;
			sourceTree = "<group>";
		};
		A94F6F1A2126E59D00CD0A82 /* MakingApplicaionThatToChangeAPropertyOfObject */ = {
			isa = PBXGroup;
			children = (
				A94F6F1B2126E59D00CD0A82 /* AppDelegate.swift */,
				A94F6F1D2126E59D00CD0A82 /* ViewController.swift */,
				A94F6F2F2126ED7800CD0A82 /* MainScreenTableViewCell.swift */,
				A94F6F2D2126E6F300CD0A82 /* AddViewController.swift */,
				A94F6F312126F04A00CD0A82 /* AddScreenTableViewCell.swift */,
				A94F6F332126F3B000CD0A82 /* Object.swift */,
				A94F6F352126F41B00CD0A82 /* ManageObjects.swift */,
				A94F6F1F2126E59D00CD0A82 /* Main.storyboard */,
				A94F6F222126E59D00CD0A82 /* Assets.xcassets */,
				A94F6F242126E59D00CD0A82 /* LaunchScreen.storyboard */,
				A94F6F272126E59D00CD0A82 /* Info.plist */,
			);
			path = MakingApplicaionThatToChangeAPropertyOfObject;
			sourceTree = "<group>";
		};
/* End PBXGroup section */

/* Begin PBXNativeTarget section */
		A94F6F172126E59D00CD0A82 /* MakingApplicaionThatToChangeAPropertyOfObject */ = {
			isa = PBXNativeTarget;
			buildConfigurationList = A94F6F2A2126E59D00CD0A82 /* Build configuration list for PBXNativeTarget "MakingApplicaionThatToChangeAPropertyOfObject" */;
			buildPhases = (
				A94F6F142126E59D00CD0A82 /* Sources */,
				A94F6F152126E59D00CD0A82 /* Frameworks */,
				A94F6F162126E59D00CD0A82 /* Resources */,
			);
			buildRules = (
			);
			dependencies = (
			);
			name = MakingApplicaionThatToChangeAPropertyOfObject;
			productName = MakingApplicaionThatToChangeAPropertyOfObject;
			productReference = A94F6F182126E59D00CD0A82 /* MakingApplicaionThatToChangeAPropertyOfObject.app */;
			productType = "com.apple.product-type.application";
		};
/* End PBXNativeTarget section */

/* Begin PBXProject section */
		A94F6F102126E59D00CD0A82 /* Project object */ = {
			isa = PBXProject;
			attributes = {
				LastSwiftUpdateCheck = 0920;
				LastUpgradeCheck = 0920;
				ORGANIZATIONNAME = "Kalin Karev";
				TargetAttributes = {
					A94F6F172126E59D00CD0A82 = {
						CreatedOnToolsVersion = 9.2;
						ProvisioningStyle = Automatic;
					};
				};
			};
			buildConfigurationList = A94F6F132126E59D00CD0A82 /* Build configuration list for PBXProject "MakingApplicaionThatToChangeAPropertyOfObject" */;
			compatibilityVersion = "Xcode 8.0";
			developmentRegion = en;
			hasScannedForEncodings = 0;
			knownRegions = (
				en,
				Base,
			);
			mainGroup = A94F6F0F2126E59D00CD0A82;
			productRefGroup = A94F6F192126E59D00CD0A82 /* Products */;
			projectDirPath = "";
			projectRoot = "";
			targets = (
				A94F6F172126E59D00CD0A82 /* MakingApplicaionThatToChangeAPropertyOfObject */,
			);
		};
/* End PBXProject section */

/* Begin PBXResourcesBuildPhase section */
		A94F6F162126E59D00CD0A82 /* Resources */ = {
			isa = PBXResourcesBuildPhase;
			buildActionMask = 2147483647;
			files = (
				A94F6F262126E59D00CD0A82 /* LaunchScreen.storyboard in Resources */,
				A94F6F232126E59D00CD0A82 /* Assets.xcassets in Resources */,
				A94F6F212126E59D00CD0A82 /* Main.storyboard in Resources */,
			);
			runOnlyForDeploymentPostprocessing = 0;
		};
/* End PBXResourcesBuildPhase section */

/* Begin PBXSourcesBuildPhase section */
		A94F6F142126E59D00CD0A82 /* Sources */ = {
			isa = PBXSourcesBuildPhase;
			buildActionMask = 2147483647;
			files = (
				A94F6F302126ED7800CD0A82 /* MainScreenTableViewCell.swift in Sources */,
				A94F6F1E2126E59D00CD0A82 /* ViewController.swift in Sources */,
				A94F6F1C2126E59D00CD0A82 /* AppDelegate.swift in Sources */,
				A94F6F322126F04A00CD0A82 /* AddScreenTableViewCell.swift in Sources */,
				A94F6F362126F41B00CD0A82 /* ManageObjects.swift in Sources */,
				A94F6F342126F3B000CD0A82 /* Object.swift in Sources */,
				A94F6F2E2126E6F300CD0A82 /* AddViewController.swift in Sources */,
			);
			runOnlyForDeploymentPostprocessing = 0;
		};
/* End PBXSourcesBuildPhase section */

/* Begin PBXVariantGroup section */
		A94F6F1F2126E59D00CD0A82 /* Main.storyboard */ = {
			isa = PBXVariantGroup;
			children = (
				A94F6F202126E59D00CD0A82 /* Base */,
			);
			name = Main.storyboard;
			sourceTree = "<group>";
		};
		A94F6F242126E59D00CD0A82 /* LaunchScreen.storyboard */ = {
			isa = PBXVariantGroup;
			children = (
				A94F6F252126E59D00CD0A82 /* Base */,
			);
			name = LaunchScreen.storyboard;
			sourceTree = "<group>";
		};
/* End PBXVariantGroup section */

/* Begin XCBuildConfiguration section */
		A94F6F282126E59D00CD0A82 /* Debug */ = {
			isa = XCBuildConfiguration;
			buildSettings = {
				ALWAYS_SEARCH_USER_PATHS = NO;
				CLANG_ANALYZER_NONNULL = YES;
				CLANG_ANALYZER_NUMBER_OBJECT_CONVERSION = YES_AGGRESSIVE;
				CLANG_CXX_LANGUAGE_STANDARD = "gnu++14";
				CLANG_CXX_LIBRARY = "libc++";
				CLANG_ENABLE_MODULES = YES;
				CLANG_ENABLE_OBJC_ARC = YES;
				CLANG_WARN_BLOCK_CAPTURE_AUTORELEASING = YES;
				CLANG_WARN_BOOL_CONVERSION = YES;
				CLANG_WARN_COMMA = YES;
				CLANG_WARN_CONSTANT_CONVERSION = YES;
				CLANG_WARN_DIRECT_OBJC_ISA_USAGE = YES_ERROR;
				CLANG_WARN_DOCUMENTATION_COMMENTS = YES;
				CLANG_WARN_EMPTY_BODY = YES;
				CLANG_WARN_ENUM_CONVERSION = YES;
				CLANG_WARN_INFINITE_RECURSION = YES;
				CLANG_WARN_INT_CONVERSION = YES;
				CLANG_WARN_NON_LITERAL_NULL_CONVERSION = YES;
				CLANG_WARN_OBJC_LITERAL_CONVERSION = YES;
				CLANG_WARN_OBJC_ROOT_CLASS = YES_ERROR;
				CLANG_WARN_RANGE_LOOP_ANALYSIS = YES;
				CLANG_WARN_STRICT_PROTOTYPES = YES;
				CLANG_WARN_SUSPICIOUS_MOVE = YES;
				CLANG_WARN_UNGUARDED_AVAILABILITY = YES_AGGRESSIVE;
				CLANG_WARN_UNREACHABLE_CODE = YES;
				CLANG_WARN__DUPLICATE_METHOD_MATCH = YES;
				CODE_SIGN_IDENTITY = "iPhone Developer";
				COPY_PHASE_STRIP = NO;
				DEBUG_INFORMATION_FORMAT = dwarf;
				ENABLE_STRICT_OBJC_MSGSEND = YES;
				ENABLE_TESTABILITY = YES;
				GCC_C_LANGUAGE_STANDARD = gnu11;
				GCC_DYNAMIC_NO_PIC = NO;
				GCC_NO_COMMON_BLOCKS = YES;
				GCC_OPTIMIZATION_LEVEL = 0;
				GCC_PREPROCESSOR_DEFINITIONS = (
					"DEBUG=1",
					"$(inherited)",
				);
				GCC_WARN_64_TO_32_BIT_CONVERSION = YES;
				GCC_WARN_ABOUT_RETURN_TYPE = YES_ERROR;
				GCC_WARN_UNDECLARED_SELECTOR = YES;
				GCC_WARN_UNINITIALIZED_AUTOS = YES_AGGRESSIVE;
				GCC_WARN_UNUSED_FUNCTION = YES;
				GCC_WARN_UNUSED_VARIABLE = YES;
				IPHONEOS_DEPLOYMENT_TARGET = 11.2;
				MTL_ENABLE_DEBUG_INFO = YES;
				ONLY_ACTIVE_ARCH = YES;
				SDKROOT = iphoneos;
				SWIFT_ACTIVE_COMPILATION_CONDITIONS = DEBUG;
				SWIFT_OPTIMIZATION_LEVEL = "-Onone";
			};
			name = Debug;
		};
		A94F6F292126E59D00CD0A82 /* Release */ = {
			isa = XCBuildConfiguration;
			buildSettings = {
				ALWAYS_SEARCH_USER_PATHS = NO;
				CLANG_ANALYZER_NONNULL = YES;
				CLANG_ANALYZER_NUMBER_OBJECT_CONVERSION = YES_AGGRESSIVE;
				CLANG_CXX_LANGUAGE_STANDARD = "gnu++14";
				CLANG_CXX_LIBRARY = "libc++";
				CLANG_ENABLE_MODULES = YES;
				CLANG_ENABLE_OBJC_ARC = YES;
				CLANG_WARN_BLOCK_CAPTURE_AUTORELEASING = YES;
				CLANG_WARN_BOOL_CONVERSION = YES;
				CLANG_WARN_COMMA = YES;
				CLANG_WARN_CONSTANT_CONVERSION = YES;
				CLANG_WARN_DIRECT_OBJC_ISA_USAGE = YES_ERROR;
				CLANG_WARN_DOCUMENTATION_COMMENTS = YES;
				CLANG_WARN_EMPTY_BODY = YES;
				CLANG_WARN_ENUM_CONVERSION = YES;
				CLANG_WARN_INFINITE_RECURSION = YES;
				CLANG_WARN_INT_CONVERSION = YES;
				CLANG_WARN_NON_LITERAL_NULL_CONVERSION = YES;
				CLANG_WARN_OBJC_LITERAL_CONVERSION = YES;
				CLANG_WARN_OBJC_ROOT_CLASS = YES_ERROR;
				CLANG_WARN_RANGE_LOOP_ANALYSIS = YES;
				CLANG_WARN_STRICT_PROTOTYPES = YES;
				CLANG_WARN_SUSPICIOUS_MOVE = YES;
				CLANG_WARN_UNGUARDED_AVAILABILITY = YES_AGGRESSIVE;
				CLANG_WARN_UNREACHABLE_CODE = YES;
				CLANG_WARN__DUPLICATE_METHOD_MATCH = YES;
				CODE_SIGN_IDENTITY = "iPhone Developer";
				COPY_PHASE_STRIP = NO;
				DEBUG_INFORMATION_FORMAT = "dwarf-with-dsym";
				ENABLE_NS_ASSERTIONS = NO;
				ENABLE_STRICT_OBJC_MSGSEND = YES;
				GCC_C_LANGUAGE_STANDARD = gnu11;
				GCC_NO_COMMON_BLOCKS = YES;
				GCC_WARN_64_TO_32_BIT_CONVERSION = YES;
				GCC_WARN_ABOUT_RETURN_TYPE = YES_ERROR;
				GCC_WARN_UNDECLARED_SELECTOR = YES;
				GCC_WARN_UNINITIALIZED_AUTOS = YES_AGGRESSIVE;
				GCC_WARN_UNUSED_FUNCTION = YES;
				GCC_WARN_UNUSED_VARIABLE = YES;
				IPHONEOS_DEPLOYMENT_TARGET = 11.2;
				MTL_ENABLE_DEBUG_INFO = NO;
				SDKROOT = iphoneos;
				SWIFT_OPTIMIZATION_LEVEL = "-Owholemodule";
				VALIDATE_PRODUCT = YES;
			};
			name = Release;
		};
		A94F6F2B2126E59D00CD0A82 /* Debug */ = {
			isa = XCBuildConfiguration;
			buildSettings = {
				ASSETCATALOG_COMPILER_APPICON_NAME = AppIcon;
				CODE_SIGN_STYLE = Automatic;
				INFOPLIST_FILE = MakingApplicaionThatToChangeAPropertyOfObject/Info.plist;
				LD_RUNPATH_SEARCH_PATHS = "$(inherited) @executable_path/Frameworks";
				PRODUCT_BUNDLE_IDENTIFIER = com.example.MakingApplicaionThatToChangeAPropertyOfObject;
				PRODUCT_NAME = "$(TARGET_NAME)";
				SWIFT_VERSION = 4.0;
				TARGETED_DEVICE_FAMILY = "1,2";
			};
			name = Debug;
		};
		A94F6F2C2126E59D00CD0A82 /* Release */ = {
			isa = XCBuildConfiguration;
			buildSettings = {
				ASSETCATALOG_COMPILER_APPICON_NAME = AppIcon;
				CODE_SIGN_STYLE = Automatic;
				INFOPLIST_FILE = MakingApplicaionThatToChangeAPropertyOfObject/Info.plist;
				LD_RUNPATH_SEARCH_PATHS = "$(inherited) @executable_path/Frameworks";
				PRODUCT_BUNDLE_IDENTIFIER = com.example.MakingApplicaionThatToChangeAPropertyOfObject;
				PRODUCT_NAME = "$(TARGET_NAME)";
				SWIFT_VERSION = 4.0;
				TARGETED_DEVICE_FAMILY = "1,2";
			};
			name = Release;
		};
/* End XCBuildConfiguration section */

/* Begin XCConfigurationList section */
		A94F6F132126E59D00CD0A82 /* Build configuration list for PBXProject "MakingApplicaionThatToChangeAPropertyOfObject" */ = {
			isa = XCConfigurationList;
			buildConfigurations = (
				A94F6F282126E59D00CD0A82 /* Debug */,
				A94F6F292126E59D00CD0A82 /* Release */,
			);
			defaultConfigurationIsVisible = 0;
			defaultConfigurationName = Release;
		};
		A94F6F2A2126E59D00CD0A82 /* Build configuration list for PBXNativeTarget "MakingApplicaionThatToChangeAPropertyOfObject" */ = {
			isa = XCConfigurationList;
			buildConfigurations = (
				A94F6F2B2126E59D00CD0A82 /* Debug */,
				A94F6F2C2126E59D00CD0A82 /* Release */,
			);
			defaultConfigurationIsVisible = 0;
			defaultConfigurationName = Release;
		};
/* End XCConfigurationList section */
	};
	rootObject = A94F6F102126E59D00CD0A82 /* Project object */;
}
