// !$*UTF8*$!
{
	archiveVersion = 1;
	classes = {
	};
	objectVersion = 48;
	objects = {

/* Begin PBXBuildFile section */
		A9F52AE2214BB1B1000E3C22 /* AppDelegate.swift in Sources */ = {isa = PBXBuildFile; fileRef = A9F52AE1214BB1B1000E3C22 /* AppDelegate.swift */; };
		A9F52AE4214BB1B1000E3C22 /* ViewController.swift in Sources */ = {isa = PBXBuildFile; fileRef = A9F52AE3214BB1B1000E3C22 /* ViewController.swift */; };
		A9F52AE7214BB1B1000E3C22 /* Main.storyboard in Resources */ = {isa = PBXBuildFile; fileRef = A9F52AE5214BB1B1000E3C22 /* Main.storyboard */; };
		A9F52AE9214BB1B1000E3C22 /* Assets.xcassets in Resources */ = {isa = PBXBuildFile; fileRef = A9F52AE8214BB1B1000E3C22 /* Assets.xcassets */; };
		A9F52AEC214BB1B1000E3C22 /* LaunchScreen.storyboard in Resources */ = {isa = PBXBuildFile; fileRef = A9F52AEA214BB1B1000E3C22 /* LaunchScreen.storyboard */; };
/* End PBXBuildFile section */

/* Begin PBXFileReference section */
		A9F52ADE214BB1B0000E3C22 /* AddingPlaceholderToTextView.app */ = {isa = PBXFileReference; explicitFileType = wrapper.application; includeInIndex = 0; path = AddingPlaceholderToTextView.app; sourceTree = BUILT_PRODUCTS_DIR; };
		A9F52AE1214BB1B1000E3C22 /* AppDelegate.swift */ = {isa = PBXFileReference; lastKnownFileType = sourcecode.swift; path = AppDelegate.swift; sourceTree = "<group>"; };
		A9F52AE3214BB1B1000E3C22 /* ViewController.swift */ = {isa = PBXFileReference; lastKnownFileType = sourcecode.swift; path = ViewController.swift; sourceTree = "<group>"; };
		A9F52AE6214BB1B1000E3C22 /* Base */ = {isa = PBXFileReference; lastKnownFileType = file.storyboard; name = Base; path = Base.lproj/Main.storyboard; sourceTree = "<group>"; };
		A9F52AE8214BB1B1000E3C22 /* Assets.xcassets */ = {isa = PBXFileReference; lastKnownFileType = folder.assetcatalog; path = Assets.xcassets; sourceTree = "<group>"; };
		A9F52AEB214BB1B1000E3C22 /* Base */ = {isa = PBXFileReference; lastKnownFileType = file.storyboard; name = Base; path = Base.lproj/LaunchScreen.storyboard; sourceTree = "<group>"; };
		A9F52AED214BB1B1000E3C22 /* Info.plist */ = {isa = PBXFileReference; lastKnownFileType = text.plist.xml; path = Info.plist; sourceTree = "<group>"; };
/* End PBXFileReference section */

/* Begin PBXFrameworksBuildPhase section */
		A9F52ADB214BB1B0000E3C22 /* Frameworks */ = {
			isa = PBXFrameworksBuildPhase;
			buildActionMask = 2147483647;
			files = (
			);
			runOnlyForDeploymentPostprocessing = 0;
		};
/* End PBXFrameworksBuildPhase section */

/* Begin PBXGroup section */
		A9F52AD5214BB1B0000E3C22 = {
			isa = PBXGroup;
			children = (
				A9F52AE0214BB1B0000E3C22 /* AddingPlaceholderToTextView */,
				A9F52ADF214BB1B0000E3C22 /* Products */,
			);
			sourceTree = "<group>";
		};
		A9F52ADF214BB1B0000E3C22 /* Products */ = {
			isa = PBXGroup;
			children = (
				A9F52ADE214BB1B0000E3C22 /* AddingPlaceholderToTextView.app */,
			);
			name = Products;
			sourceTree = "<group>";
		};
		A9F52AE0214BB1B0000E3C22 /* AddingPlaceholderToTextView */ = {
			isa = PBXGroup;
			children = (
				A9F52AE1214BB1B1000E3C22 /* AppDelegate.swift */,
				A9F52AE3214BB1B1000E3C22 /* ViewController.swift */,
				A9F52AE5214BB1B1000E3C22 /* Main.storyboard */,
				A9F52AE8214BB1B1000E3C22 /* Assets.xcassets */,
				A9F52AEA214BB1B1000E3C22 /* LaunchScreen.storyboard */,
				A9F52AED214BB1B1000E3C22 /* Info.plist */,
			);
			path = AddingPlaceholderToTextView;
			sourceTree = "<group>";
		};
/* End PBXGroup section */

/* Begin PBXNativeTarget section */
		A9F52ADD214BB1B0000E3C22 /* AddingPlaceholderToTextView */ = {
			isa = PBXNativeTarget;
			buildConfigurationList = A9F52AF0214BB1B1000E3C22 /* Build configuration list for PBXNativeTarget "AddingPlaceholderToTextView" */;
			buildPhases = (
				A9F52ADA214BB1B0000E3C22 /* Sources */,
				A9F52ADB214BB1B0000E3C22 /* Frameworks */,
				A9F52ADC214BB1B0000E3C22 /* Resources */,
			);
			buildRules = (
			);
			dependencies = (
			);
			name = AddingPlaceholderToTextView;
			productName = AddingPlaceholderToTextView;
			productReference = A9F52ADE214BB1B0000E3C22 /* AddingPlaceholderToTextView.app */;
			productType = "com.apple.product-type.application";
		};
/* End PBXNativeTarget section */

/* Begin PBXProject section */
		A9F52AD6214BB1B0000E3C22 /* Project object */ = {
			isa = PBXProject;
			attributes = {
				LastSwiftUpdateCheck = 0920;
				LastUpgradeCheck = 0920;
				ORGANIZATIONNAME = "Kalin Karev";
				TargetAttributes = {
					A9F52ADD214BB1B0000E3C22 = {
						CreatedOnToolsVersion = 9.2;
						ProvisioningStyle = Automatic;
					};
				};
			};
			buildConfigurationList = A9F52AD9214BB1B0000E3C22 /* Build configuration list for PBXProject "AddingPlaceholderToTextView" */;
			compatibilityVersion = "Xcode 8.0";
			developmentRegion = en;
			hasScannedForEncodings = 0;
			knownRegions = (
				en,
				Base,
			);
			mainGroup = A9F52AD5214BB1B0000E3C22;
			productRefGroup = A9F52ADF214BB1B0000E3C22 /* Products */;
			projectDirPath = "";
			projectRoot = "";
			targets = (
				A9F52ADD214BB1B0000E3C22 /* AddingPlaceholderToTextView */,
			);
		};
/* End PBXProject section */

/* Begin PBXResourcesBuildPhase section */
		A9F52ADC214BB1B0000E3C22 /* Resources */ = {
			isa = PBXResourcesBuildPhase;
			buildActionMask = 2147483647;
			files = (
				A9F52AEC214BB1B1000E3C22 /* LaunchScreen.storyboard in Resources */,
				A9F52AE9214BB1B1000E3C22 /* Assets.xcassets in Resources */,
				A9F52AE7214BB1B1000E3C22 /* Main.storyboard in Resources */,
			);
			runOnlyForDeploymentPostprocessing = 0;
		};
/* End PBXResourcesBuildPhase section */

/* Begin PBXSourcesBuildPhase section */
		A9F52ADA214BB1B0000E3C22 /* Sources */ = {
			isa = PBXSourcesBuildPhase;
			buildActionMask = 2147483647;
			files = (
				A9F52AE4214BB1B1000E3C22 /* ViewController.swift in Sources */,
				A9F52AE2214BB1B1000E3C22 /* AppDelegate.swift in Sources */,
			);
			runOnlyForDeploymentPostprocessing = 0;
		};
/* End PBXSourcesBuildPhase section */

/* Begin PBXVariantGroup section */
		A9F52AE5214BB1B1000E3C22 /* Main.storyboard */ = {
			isa = PBXVariantGroup;
			children = (
				A9F52AE6214BB1B1000E3C22 /* Base */,
			);
			name = Main.storyboard;
			sourceTree = "<group>";
		};
		A9F52AEA214BB1B1000E3C22 /* LaunchScreen.storyboard */ = {
			isa = PBXVariantGroup;
			children = (
				A9F52AEB214BB1B1000E3C22 /* Base */,
			);
			name = LaunchScreen.storyboard;
			sourceTree = "<group>";
		};
/* End PBXVariantGroup section */

/* Begin XCBuildConfiguration section */
		A9F52AEE214BB1B1000E3C22 /* Debug */ = {
			isa = XCBuildConfiguration;
			buildSettings = {
				ALWAYS_SEARCH_USER_PATHS = NO;
				CLANG_ANALYZER_NONNULL = YES;
				CLANG_ANALYZER_NUMBER_OBJECT_CONVERSION = YES_AGGRESSIVE;
				CLANG_CXX_LANGUAGE_STANDARD = "gnu++14";
				CLANG_CXX_LIBRARY = "libc++";
				CLANG_ENABLE_MODULES = YES;
				CLANG_ENABLE_OBJC_ARC = YES;
				CLANG_WARN_BLOCK_CAPTURE_AUTORELEASING = YES;
				CLANG_WARN_BOOL_CONVERSION = YES;
				CLANG_WARN_COMMA = YES;
				CLANG_WARN_CONSTANT_CONVERSION = YES;
				CLANG_WARN_DIRECT_OBJC_ISA_USAGE = YES_ERROR;
				CLANG_WARN_DOCUMENTATION_COMMENTS = YES;
				CLANG_WARN_EMPTY_BODY = YES;
				CLANG_WARN_ENUM_CONVERSION = YES;
				CLANG_WARN_INFINITE_RECURSION = YES;
				CLANG_WARN_INT_CONVERSION = YES;
				CLANG_WARN_NON_LITERAL_NULL_CONVERSION = YES;
				CLANG_WARN_OBJC_LITERAL_CONVERSION = YES;
				CLANG_WARN_OBJC_ROOT_CLASS = YES_ERROR;
				CLANG_WARN_RANGE_LOOP_ANALYSIS = YES;
				CLANG_WARN_STRICT_PROTOTYPES = YES;
				CLANG_WARN_SUSPICIOUS_MOVE = YES;
				CLANG_WARN_UNGUARDED_AVAILABILITY = YES_AGGRESSIVE;
				CLANG_WARN_UNREACHABLE_CODE = YES;
				CLANG_WARN__DUPLICATE_METHOD_MATCH = YES;
				CODE_SIGN_IDENTITY = "iPhone Developer";
				COPY_PHASE_STRIP = NO;
				DEBUG_INFORMATION_FORMAT = dwarf;
				ENABLE_STRICT_OBJC_MSGSEND = YES;
				ENABLE_TESTABILITY = YES;
				GCC_C_LANGUAGE_STANDARD = gnu11;
				GCC_DYNAMIC_NO_PIC = NO;
				GCC_NO_COMMON_BLOCKS = YES;
				GCC_OPTIMIZATION_LEVEL = 0;
				GCC_PREPROCESSOR_DEFINITIONS = (
					"DEBUG=1",
					"$(inherited)",
				);
				GCC_WARN_64_TO_32_BIT_CONVERSION = YES;
				GCC_WARN_ABOUT_RETURN_TYPE = YES_ERROR;
				GCC_WARN_UNDECLARED_SELECTOR = YES;
				GCC_WARN_UNINITIALIZED_AUTOS = YES_AGGRESSIVE;
				GCC_WARN_UNUSED_FUNCTION = YES;
				GCC_WARN_UNUSED_VARIABLE = YES;
				IPHONEOS_DEPLOYMENT_TARGET = 11.2;
				MTL_ENABLE_DEBUG_INFO = YES;
				ONLY_ACTIVE_ARCH = YES;
				SDKROOT = iphoneos;
				SWIFT_ACTIVE_COMPILATION_CONDITIONS = DEBUG;
				SWIFT_OPTIMIZATION_LEVEL = "-Onone";
			};
			name = Debug;
		};
		A9F52AEF214BB1B1000E3C22 /* Release */ = {
			isa = XCBuildConfiguration;
			buildSettings = {
				ALWAYS_SEARCH_USER_PATHS = NO;
				CLANG_ANALYZER_NONNULL = YES;
				CLANG_ANALYZER_NUMBER_OBJECT_CONVERSION = YES_AGGRESSIVE;
				CLANG_CXX_LANGUAGE_STANDARD = "gnu++14";
				CLANG_CXX_LIBRARY = "libc++";
				CLANG_ENABLE_MODULES = YES;
				CLANG_ENABLE_OBJC_ARC = YES;
				CLANG_WARN_BLOCK_CAPTURE_AUTORELEASING = YES;
				CLANG_WARN_BOOL_CONVERSION = YES;
				CLANG_WARN_COMMA = YES;
				CLANG_WARN_CONSTANT_CONVERSION = YES;
				CLANG_WARN_DIRECT_OBJC_ISA_USAGE = YES_ERROR;
				CLANG_WARN_DOCUMENTATION_COMMENTS = YES;
				CLANG_WARN_EMPTY_BODY = YES;
				CLANG_WARN_ENUM_CONVERSION = YES;
				CLANG_WARN_INFINITE_RECURSION = YES;
				CLANG_WARN_INT_CONVERSION = YES;
				CLANG_WARN_NON_LITERAL_NULL_CONVERSION = YES;
				CLANG_WARN_OBJC_LITERAL_CONVERSION = YES;
				CLANG_WARN_OBJC_ROOT_CLASS = YES_ERROR;
				CLANG_WARN_RANGE_LOOP_ANALYSIS = YES;
				CLANG_WARN_STRICT_PROTOTYPES = YES;
				CLANG_WARN_SUSPICIOUS_MOVE = YES;
				CLANG_WARN_UNGUARDED_AVAILABILITY = YES_AGGRESSIVE;
				CLANG_WARN_UNREACHABLE_CODE = YES;
				CLANG_WARN__DUPLICATE_METHOD_MATCH = YES;
				CODE_SIGN_IDENTITY = "iPhone Developer";
				COPY_PHASE_STRIP = NO;
				DEBUG_INFORMATION_FORMAT = "dwarf-with-dsym";
				ENABLE_NS_ASSERTIONS = NO;
				ENABLE_STRICT_OBJC_MSGSEND = YES;
				GCC_C_LANGUAGE_STANDARD = gnu11;
				GCC_NO_COMMON_BLOCKS = YES;
				GCC_WARN_64_TO_32_BIT_CONVERSION = YES;
				GCC_WARN_ABOUT_RETURN_TYPE = YES_ERROR;
				GCC_WARN_UNDECLARED_SELECTOR = YES;
				GCC_WARN_UNINITIALIZED_AUTOS = YES_AGGRESSIVE;
				GCC_WARN_UNUSED_FUNCTION = YES;
				GCC_WARN_UNUSED_VARIABLE = YES;
				IPHONEOS_DEPLOYMENT_TARGET = 11.2;
				MTL_ENABLE_DEBUG_INFO = NO;
				SDKROOT = iphoneos;
				SWIFT_OPTIMIZATION_LEVEL = "-Owholemodule";
				VALIDATE_PRODUCT = YES;
			};
			name = Release;
		};
		A9F52AF1214BB1B1000E3C22 /* Debug */ = {
			isa = XCBuildConfiguration;
			buildSettings = {
				ASSETCATALOG_COMPILER_APPICON_NAME = AppIcon;
				CODE_SIGN_STYLE = Automatic;
				DEVELOPMENT_TEAM = C27L7H3CHY;
				INFOPLIST_FILE = AddingPlaceholderToTextView/Info.plist;
				LD_RUNPATH_SEARCH_PATHS = "$(inherited) @executable_path/Frameworks";
				PRODUCT_BUNDLE_IDENTIFIER = com.example.AddingPlaceholderToTextView;
				PRODUCT_NAME = "$(TARGET_NAME)";
				SWIFT_VERSION = 4.0;
				TARGETED_DEVICE_FAMILY = "1,2";
			};
			name = Debug;
		};
		A9F52AF2214BB1B1000E3C22 /* Release */ = {
			isa = XCBuildConfiguration;
			buildSettings = {
				ASSETCATALOG_COMPILER_APPICON_NAME = AppIcon;
				CODE_SIGN_STYLE = Automatic;
				DEVELOPMENT_TEAM = C27L7H3CHY;
				INFOPLIST_FILE = AddingPlaceholderToTextView/Info.plist;
				LD_RUNPATH_SEARCH_PATHS = "$(inherited) @executable_path/Frameworks";
				PRODUCT_BUNDLE_IDENTIFIER = com.example.AddingPlaceholderToTextView;
				PRODUCT_NAME = "$(TARGET_NAME)";
				SWIFT_VERSION = 4.0;
				TARGETED_DEVICE_FAMILY = "1,2";
			};
			name = Release;
		};
/* End XCBuildConfiguration section */

/* Begin XCConfigurationList section */
		A9F52AD9214BB1B0000E3C22 /* Build configuration list for PBXProject "AddingPlaceholderToTextView" */ = {
			isa = XCConfigurationList;
			buildConfigurations = (
				A9F52AEE214BB1B1000E3C22 /* Debug */,
				A9F52AEF214BB1B1000E3C22 /* Release */,
			);
			defaultConfigurationIsVisible = 0;
			defaultConfigurationName = Release;
		};
		A9F52AF0214BB1B1000E3C22 /* Build configuration list for PBXNativeTarget "AddingPlaceholderToTextView" */ = {
			isa = XCConfigurationList;
			buildConfigurations = (
				A9F52AF1214BB1B1000E3C22 /* Debug */,
				A9F52AF2214BB1B1000E3C22 /* Release */,
			);
			defaultConfigurationIsVisible = 0;
			defaultConfigurationName = Release;
		};
/* End XCConfigurationList section */
	};
	rootObject = A9F52AD6214BB1B0000E3C22 /* Project object */;
}
