// !$*UTF8*$!
{
	archiveVersion = 1;
	classes = {
	};
	objectVersion = 48;
	objects = {

/* Begin PBXBuildFile section */
		A9A7CB562008E14F00B152D3 /* AppDelegate.swift in Sources */ = {isa = PBXBuildFile; fileRef = A9A7CB552008E14F00B152D3 /* AppDelegate.swift */; };
		A9A7CB582008E14F00B152D3 /* NoteViewController.swift in Sources */ = {isa = PBXBuildFile; fileRef = A9A7CB572008E14F00B152D3 /* NoteViewController.swift */; };
		A9A7CB5B2008E14F00B152D3 /* Main.storyboard in Resources */ = {isa = PBXBuildFile; fileRef = A9A7CB592008E14F00B152D3 /* Main.storyboard */; };
		A9A7CB5D2008E14F00B152D3 /* Assets.xcassets in Resources */ = {isa = PBXBuildFile; fileRef = A9A7CB5C2008E14F00B152D3 /* Assets.xcassets */; };
		A9A7CB602008E14F00B152D3 /* LaunchScreen.storyboard in Resources */ = {isa = PBXBuildFile; fileRef = A9A7CB5E2008E14F00B152D3 /* LaunchScreen.storyboard */; };
		A9A7CB6B2008E15000B152D3 /* NoteTrackerTests.swift in Sources */ = {isa = PBXBuildFile; fileRef = A9A7CB6A2008E15000B152D3 /* NoteTrackerTests.swift */; };
		A9A7CB762008EF4800B152D3 /* Note.swift in Sources */ = {isa = PBXBuildFile; fileRef = A9A7CB752008EF4800B152D3 /* Note.swift */; };
		A9A7CB782008F8A000B152D3 /* NoteTableViewCell.swift in Sources */ = {isa = PBXBuildFile; fileRef = A9A7CB772008F8A000B152D3 /* NoteTableViewCell.swift */; };
		A9A7CB7A2008FC1100B152D3 /* NoteTableViewController.swift in Sources */ = {isa = PBXBuildFile; fileRef = A9A7CB792008FC1100B152D3 /* NoteTableViewController.swift */; };
/* End PBXBuildFile section */

/* Begin PBXContainerItemProxy section */
		A9A7CB672008E15000B152D3 /* PBXContainerItemProxy */ = {
			isa = PBXContainerItemProxy;
			containerPortal = A9A7CB4A2008E14F00B152D3 /* Project object */;
			proxyType = 1;
			remoteGlobalIDString = A9A7CB512008E14F00B152D3;
			remoteInfo = NoteTracker;
		};
/* End PBXContainerItemProxy section */

/* Begin PBXFileReference section */
		A9A7CB522008E14F00B152D3 /* NoteTracker.app */ = {isa = PBXFileReference; explicitFileType = wrapper.application; includeInIndex = 0; path = NoteTracker.app; sourceTree = BUILT_PRODUCTS_DIR; };
		A9A7CB552008E14F00B152D3 /* AppDelegate.swift */ = {isa = PBXFileReference; lastKnownFileType = sourcecode.swift; path = AppDelegate.swift; sourceTree = "<group>"; };
		A9A7CB572008E14F00B152D3 /* NoteViewController.swift */ = {isa = PBXFileReference; lastKnownFileType = sourcecode.swift; path = NoteViewController.swift; sourceTree = "<group>"; };
		A9A7CB5A2008E14F00B152D3 /* Base */ = {isa = PBXFileReference; lastKnownFileType = file.storyboard; name = Base; path = Base.lproj/Main.storyboard; sourceTree = "<group>"; };
		A9A7CB5C2008E14F00B152D3 /* Assets.xcassets */ = {isa = PBXFileReference; lastKnownFileType = folder.assetcatalog; path = Assets.xcassets; sourceTree = "<group>"; };
		A9A7CB5F2008E14F00B152D3 /* Base */ = {isa = PBXFileReference; lastKnownFileType = file.storyboard; name = Base; path = Base.lproj/LaunchScreen.storyboard; sourceTree = "<group>"; };
		A9A7CB612008E14F00B152D3 /* Info.plist */ = {isa = PBXFileReference; lastKnownFileType = text.plist.xml; path = Info.plist; sourceTree = "<group>"; };
		A9A7CB662008E15000B152D3 /* NoteTrackerTests.xctest */ = {isa = PBXFileReference; explicitFileType = wrapper.cfbundle; includeInIndex = 0; path = NoteTrackerTests.xctest; sourceTree = BUILT_PRODUCTS_DIR; };
		A9A7CB6A2008E15000B152D3 /* NoteTrackerTests.swift */ = {isa = PBXFileReference; lastKnownFileType = sourcecode.swift; path = NoteTrackerTests.swift; sourceTree = "<group>"; };
		A9A7CB6C2008E15000B152D3 /* Info.plist */ = {isa = PBXFileReference; lastKnownFileType = text.plist.xml; path = Info.plist; sourceTree = "<group>"; };
		A9A7CB752008EF4800B152D3 /* Note.swift */ = {isa = PBXFileReference; lastKnownFileType = sourcecode.swift; path = Note.swift; sourceTree = "<group>"; };
		A9A7CB772008F8A000B152D3 /* NoteTableViewCell.swift */ = {isa = PBXFileReference; lastKnownFileType = sourcecode.swift; path = NoteTableViewCell.swift; sourceTree = "<group>"; };
		A9A7CB792008FC1100B152D3 /* NoteTableViewController.swift */ = {isa = PBXFileReference; lastKnownFileType = sourcecode.swift; path = NoteTableViewController.swift; sourceTree = "<group>"; };
/* End PBXFileReference section */

/* Begin PBXFrameworksBuildPhase section */
		A9A7CB4F2008E14F00B152D3 /* Frameworks */ = {
			isa = PBXFrameworksBuildPhase;
			buildActionMask = 2147483647;
			files = (
			);
			runOnlyForDeploymentPostprocessing = 0;
		};
		A9A7CB632008E14F00B152D3 /* Frameworks */ = {
			isa = PBXFrameworksBuildPhase;
			buildActionMask = 2147483647;
			files = (
			);
			runOnlyForDeploymentPostprocessing = 0;
		};
/* End PBXFrameworksBuildPhase section */

/* Begin PBXGroup section */
		A9A7CB492008E14F00B152D3 = {
			isa = PBXGroup;
			children = (
				A9A7CB542008E14F00B152D3 /* NoteTracker */,
				A9A7CB692008E15000B152D3 /* NoteTrackerTests */,
				A9A7CB532008E14F00B152D3 /* Products */,
			);
			sourceTree = "<group>";
		};
		A9A7CB532008E14F00B152D3 /* Products */ = {
			isa = PBXGroup;
			children = (
				A9A7CB522008E14F00B152D3 /* NoteTracker.app */,
				A9A7CB662008E15000B152D3 /* NoteTrackerTests.xctest */,
			);
			name = Products;
			sourceTree = "<group>";
		};
		A9A7CB542008E14F00B152D3 /* NoteTracker */ = {
			isa = PBXGroup;
			children = (
				A9A7CB552008E14F00B152D3 /* AppDelegate.swift */,
				A9A7CB572008E14F00B152D3 /* NoteViewController.swift */,
				A9A7CB752008EF4800B152D3 /* Note.swift */,
				A9A7CB772008F8A000B152D3 /* NoteTableViewCell.swift */,
				A9A7CB792008FC1100B152D3 /* NoteTableViewController.swift */,
				A9A7CB592008E14F00B152D3 /* Main.storyboard */,
				A9A7CB5C2008E14F00B152D3 /* Assets.xcassets */,
				A9A7CB5E2008E14F00B152D3 /* LaunchScreen.storyboard */,
				A9A7CB612008E14F00B152D3 /* Info.plist */,
			);
			path = NoteTracker;
			sourceTree = "<group>";
		};
		A9A7CB692008E15000B152D3 /* NoteTrackerTests */ = {
			isa = PBXGroup;
			children = (
				A9A7CB6A2008E15000B152D3 /* NoteTrackerTests.swift */,
				A9A7CB6C2008E15000B152D3 /* Info.plist */,
			);
			path = NoteTrackerTests;
			sourceTree = "<group>";
		};
/* End PBXGroup section */

/* Begin PBXNativeTarget section */
		A9A7CB512008E14F00B152D3 /* NoteTracker */ = {
			isa = PBXNativeTarget;
			buildConfigurationList = A9A7CB6F2008E15000B152D3 /* Build configuration list for PBXNativeTarget "NoteTracker" */;
			buildPhases = (
				A9A7CB4E2008E14F00B152D3 /* Sources */,
				A9A7CB4F2008E14F00B152D3 /* Frameworks */,
				A9A7CB502008E14F00B152D3 /* Resources */,
			);
			buildRules = (
			);
			dependencies = (
			);
			name = NoteTracker;
			productName = NoteTracker;
			productReference = A9A7CB522008E14F00B152D3 /* NoteTracker.app */;
			productType = "com.apple.product-type.application";
		};
		A9A7CB652008E14F00B152D3 /* NoteTrackerTests */ = {
			isa = PBXNativeTarget;
			buildConfigurationList = A9A7CB722008E15000B152D3 /* Build configuration list for PBXNativeTarget "NoteTrackerTests" */;
			buildPhases = (
				A9A7CB622008E14F00B152D3 /* Sources */,
				A9A7CB632008E14F00B152D3 /* Frameworks */,
				A9A7CB642008E14F00B152D3 /* Resources */,
			);
			buildRules = (
			);
			dependencies = (
				A9A7CB682008E15000B152D3 /* PBXTargetDependency */,
			);
			name = NoteTrackerTests;
			productName = NoteTrackerTests;
			productReference = A9A7CB662008E15000B152D3 /* NoteTrackerTests.xctest */;
			productType = "com.apple.product-type.bundle.unit-test";
		};
/* End PBXNativeTarget section */

/* Begin PBXProject section */
		A9A7CB4A2008E14F00B152D3 /* Project object */ = {
			isa = PBXProject;
			attributes = {
				LastSwiftUpdateCheck = 0920;
				LastUpgradeCheck = 0920;
				ORGANIZATIONNAME = "Kalin Karev";
				TargetAttributes = {
					A9A7CB512008E14F00B152D3 = {
						CreatedOnToolsVersion = 9.2;
						ProvisioningStyle = Automatic;
					};
					A9A7CB652008E14F00B152D3 = {
						CreatedOnToolsVersion = 9.2;
						ProvisioningStyle = Automatic;
						TestTargetID = A9A7CB512008E14F00B152D3;
					};
				};
			};
			buildConfigurationList = A9A7CB4D2008E14F00B152D3 /* Build configuration list for PBXProject "NoteTracker" */;
			compatibilityVersion = "Xcode 8.0";
			developmentRegion = en;
			hasScannedForEncodings = 0;
			knownRegions = (
				en,
				Base,
			);
			mainGroup = A9A7CB492008E14F00B152D3;
			productRefGroup = A9A7CB532008E14F00B152D3 /* Products */;
			projectDirPath = "";
			projectRoot = "";
			targets = (
				A9A7CB512008E14F00B152D3 /* NoteTracker */,
				A9A7CB652008E14F00B152D3 /* NoteTrackerTests */,
			);
		};
/* End PBXProject section */

/* Begin PBXResourcesBuildPhase section */
		A9A7CB502008E14F00B152D3 /* Resources */ = {
			isa = PBXResourcesBuildPhase;
			buildActionMask = 2147483647;
			files = (
				A9A7CB602008E14F00B152D3 /* LaunchScreen.storyboard in Resources */,
				A9A7CB5D2008E14F00B152D3 /* Assets.xcassets in Resources */,
				A9A7CB5B2008E14F00B152D3 /* Main.storyboard in Resources */,
			);
			runOnlyForDeploymentPostprocessing = 0;
		};
		A9A7CB642008E14F00B152D3 /* Resources */ = {
			isa = PBXResourcesBuildPhase;
			buildActionMask = 2147483647;
			files = (
			);
			runOnlyForDeploymentPostprocessing = 0;
		};
/* End PBXResourcesBuildPhase section */

/* Begin PBXSourcesBuildPhase section */
		A9A7CB4E2008E14F00B152D3 /* Sources */ = {
			isa = PBXSourcesBuildPhase;
			buildActionMask = 2147483647;
			files = (
				A9A7CB7A2008FC1100B152D3 /* NoteTableViewController.swift in Sources */,
				A9A7CB582008E14F00B152D3 /* NoteViewController.swift in Sources */,
				A9A7CB562008E14F00B152D3 /* AppDelegate.swift in Sources */,
				A9A7CB762008EF4800B152D3 /* Note.swift in Sources */,
				A9A7CB782008F8A000B152D3 /* NoteTableViewCell.swift in Sources */,
			);
			runOnlyForDeploymentPostprocessing = 0;
		};
		A9A7CB622008E14F00B152D3 /* Sources */ = {
			isa = PBXSourcesBuildPhase;
			buildActionMask = 2147483647;
			files = (
				A9A7CB6B2008E15000B152D3 /* NoteTrackerTests.swift in Sources */,
			);
			runOnlyForDeploymentPostprocessing = 0;
		};
/* End PBXSourcesBuildPhase section */

/* Begin PBXTargetDependency section */
		A9A7CB682008E15000B152D3 /* PBXTargetDependency */ = {
			isa = PBXTargetDependency;
			target = A9A7CB512008E14F00B152D3 /* NoteTracker */;
			targetProxy = A9A7CB672008E15000B152D3 /* PBXContainerItemProxy */;
		};
/* End PBXTargetDependency section */

/* Begin PBXVariantGroup section */
		A9A7CB592008E14F00B152D3 /* Main.storyboard */ = {
			isa = PBXVariantGroup;
			children = (
				A9A7CB5A2008E14F00B152D3 /* Base */,
			);
			name = Main.storyboard;
			sourceTree = "<group>";
		};
		A9A7CB5E2008E14F00B152D3 /* LaunchScreen.storyboard */ = {
			isa = PBXVariantGroup;
			children = (
				A9A7CB5F2008E14F00B152D3 /* Base */,
			);
			name = LaunchScreen.storyboard;
			sourceTree = "<group>";
		};
/* End PBXVariantGroup section */

/* Begin XCBuildConfiguration section */
		A9A7CB6D2008E15000B152D3 /* Debug */ = {
			isa = XCBuildConfiguration;
			buildSettings = {
				ALWAYS_SEARCH_USER_PATHS = NO;
				CLANG_ANALYZER_NONNULL = YES;
				CLANG_ANALYZER_NUMBER_OBJECT_CONVERSION = YES_AGGRESSIVE;
				CLANG_CXX_LANGUAGE_STANDARD = "gnu++14";
				CLANG_CXX_LIBRARY = "libc++";
				CLANG_ENABLE_MODULES = YES;
				CLANG_ENABLE_OBJC_ARC = YES;
				CLANG_WARN_BLOCK_CAPTURE_AUTORELEASING = YES;
				CLANG_WARN_BOOL_CONVERSION = YES;
				CLANG_WARN_COMMA = YES;
				CLANG_WARN_CONSTANT_CONVERSION = YES;
				CLANG_WARN_DIRECT_OBJC_ISA_USAGE = YES_ERROR;
				CLANG_WARN_DOCUMENTATION_COMMENTS = YES;
				CLANG_WARN_EMPTY_BODY = YES;
				CLANG_WARN_ENUM_CONVERSION = YES;
				CLANG_WARN_INFINITE_RECURSION = YES;
				CLANG_WARN_INT_CONVERSION = YES;
				CLANG_WARN_NON_LITERAL_NULL_CONVERSION = YES;
				CLANG_WARN_OBJC_LITERAL_CONVERSION = YES;
				CLANG_WARN_OBJC_ROOT_CLASS = YES_ERROR;
				CLANG_WARN_RANGE_LOOP_ANALYSIS = YES;
				CLANG_WARN_STRICT_PROTOTYPES = YES;
				CLANG_WARN_SUSPICIOUS_MOVE = YES;
				CLANG_WARN_UNGUARDED_AVAILABILITY = YES_AGGRESSIVE;
				CLANG_WARN_UNREACHABLE_CODE = YES;
				CLANG_WARN__DUPLICATE_METHOD_MATCH = YES;
				CODE_SIGN_IDENTITY = "iPhone Developer";
				COPY_PHASE_STRIP = NO;
				DEBUG_INFORMATION_FORMAT = dwarf;
				ENABLE_STRICT_OBJC_MSGSEND = YES;
				ENABLE_TESTABILITY = YES;
				GCC_C_LANGUAGE_STANDARD = gnu11;
				GCC_DYNAMIC_NO_PIC = NO;
				GCC_NO_COMMON_BLOCKS = YES;
				GCC_OPTIMIZATION_LEVEL = 0;
				GCC_PREPROCESSOR_DEFINITIONS = (
					"DEBUG=1",
					"$(inherited)",
				);
				GCC_WARN_64_TO_32_BIT_CONVERSION = YES;
				GCC_WARN_ABOUT_RETURN_TYPE = YES_ERROR;
				GCC_WARN_UNDECLARED_SELECTOR = YES;
				GCC_WARN_UNINITIALIZED_AUTOS = YES_AGGRESSIVE;
				GCC_WARN_UNUSED_FUNCTION = YES;
				GCC_WARN_UNUSED_VARIABLE = YES;
				IPHONEOS_DEPLOYMENT_TARGET = 11.2;
				MTL_ENABLE_DEBUG_INFO = YES;
				ONLY_ACTIVE_ARCH = YES;
				SDKROOT = iphoneos;
				SWIFT_ACTIVE_COMPILATION_CONDITIONS = DEBUG;
				SWIFT_OPTIMIZATION_LEVEL = "-Onone";
			};
			name = Debug;
		};
		A9A7CB6E2008E15000B152D3 /* Release */ = {
			isa = XCBuildConfiguration;
			buildSettings = {
				ALWAYS_SEARCH_USER_PATHS = NO;
				CLANG_ANALYZER_NONNULL = YES;
				CLANG_ANALYZER_NUMBER_OBJECT_CONVERSION = YES_AGGRESSIVE;
				CLANG_CXX_LANGUAGE_STANDARD = "gnu++14";
				CLANG_CXX_LIBRARY = "libc++";
				CLANG_ENABLE_MODULES = YES;
				CLANG_ENABLE_OBJC_ARC = YES;
				CLANG_WARN_BLOCK_CAPTURE_AUTORELEASING = YES;
				CLANG_WARN_BOOL_CONVERSION = YES;
				CLANG_WARN_COMMA = YES;
				CLANG_WARN_CONSTANT_CONVERSION = YES;
				CLANG_WARN_DIRECT_OBJC_ISA_USAGE = YES_ERROR;
				CLANG_WARN_DOCUMENTATION_COMMENTS = YES;
				CLANG_WARN_EMPTY_BODY = YES;
				CLANG_WARN_ENUM_CONVERSION = YES;
				CLANG_WARN_INFINITE_RECURSION = YES;
				CLANG_WARN_INT_CONVERSION = YES;
				CLANG_WARN_NON_LITERAL_NULL_CONVERSION = YES;
				CLANG_WARN_OBJC_LITERAL_CONVERSION = YES;
				CLANG_WARN_OBJC_ROOT_CLASS = YES_ERROR;
				CLANG_WARN_RANGE_LOOP_ANALYSIS = YES;
				CLANG_WARN_STRICT_PROTOTYPES = YES;
				CLANG_WARN_SUSPICIOUS_MOVE = YES;
				CLANG_WARN_UNGUARDED_AVAILABILITY = YES_AGGRESSIVE;
				CLANG_WARN_UNREACHABLE_CODE = YES;
				CLANG_WARN__DUPLICATE_METHOD_MATCH = YES;
				CODE_SIGN_IDENTITY = "iPhone Developer";
				COPY_PHASE_STRIP = NO;
				DEBUG_INFORMATION_FORMAT = "dwarf-with-dsym";
				ENABLE_NS_ASSERTIONS = NO;
				ENABLE_STRICT_OBJC_MSGSEND = YES;
				GCC_C_LANGUAGE_STANDARD = gnu11;
				GCC_NO_COMMON_BLOCKS = YES;
				GCC_WARN_64_TO_32_BIT_CONVERSION = YES;
				GCC_WARN_ABOUT_RETURN_TYPE = YES_ERROR;
				GCC_WARN_UNDECLARED_SELECTOR = YES;
				GCC_WARN_UNINITIALIZED_AUTOS = YES_AGGRESSIVE;
				GCC_WARN_UNUSED_FUNCTION = YES;
				GCC_WARN_UNUSED_VARIABLE = YES;
				IPHONEOS_DEPLOYMENT_TARGET = 11.2;
				MTL_ENABLE_DEBUG_INFO = NO;
				SDKROOT = iphoneos;
				SWIFT_OPTIMIZATION_LEVEL = "-Owholemodule";
				VALIDATE_PRODUCT = YES;
			};
			name = Release;
		};
		A9A7CB702008E15000B152D3 /* Debug */ = {
			isa = XCBuildConfiguration;
			buildSettings = {
				ASSETCATALOG_COMPILER_APPICON_NAME = AppIcon;
				CODE_SIGN_STYLE = Automatic;
				INFOPLIST_FILE = NoteTracker/Info.plist;
				LD_RUNPATH_SEARCH_PATHS = "$(inherited) @executable_path/Frameworks";
				PRODUCT_BUNDLE_IDENTIFIER = com.example.NoteTracker;
				PRODUCT_NAME = "$(TARGET_NAME)";
				SWIFT_VERSION = 4.0;
				TARGETED_DEVICE_FAMILY = "1,2";
			};
			name = Debug;
		};
		A9A7CB712008E15000B152D3 /* Release */ = {
			isa = XCBuildConfiguration;
			buildSettings = {
				ASSETCATALOG_COMPILER_APPICON_NAME = AppIcon;
				CODE_SIGN_STYLE = Automatic;
				INFOPLIST_FILE = NoteTracker/Info.plist;
				LD_RUNPATH_SEARCH_PATHS = "$(inherited) @executable_path/Frameworks";
				PRODUCT_BUNDLE_IDENTIFIER = com.example.NoteTracker;
				PRODUCT_NAME = "$(TARGET_NAME)";
				SWIFT_VERSION = 4.0;
				TARGETED_DEVICE_FAMILY = "1,2";
			};
			name = Release;
		};
		A9A7CB732008E15000B152D3 /* Debug */ = {
			isa = XCBuildConfiguration;
			buildSettings = {
				ALWAYS_EMBED_SWIFT_STANDARD_LIBRARIES = YES;
				BUNDLE_LOADER = "$(TEST_HOST)";
				CODE_SIGN_STYLE = Automatic;
				INFOPLIST_FILE = NoteTrackerTests/Info.plist;
				LD_RUNPATH_SEARCH_PATHS = "$(inherited) @executable_path/Frameworks @loader_path/Frameworks";
				PRODUCT_BUNDLE_IDENTIFIER = com.example.NoteTrackerTests;
				PRODUCT_NAME = "$(TARGET_NAME)";
				SWIFT_VERSION = 4.0;
				TARGETED_DEVICE_FAMILY = "1,2";
				TEST_HOST = "$(BUILT_PRODUCTS_DIR)/NoteTracker.app/NoteTracker";
			};
			name = Debug;
		};
		A9A7CB742008E15000B152D3 /* Release */ = {
			isa = XCBuildConfiguration;
			buildSettings = {
				ALWAYS_EMBED_SWIFT_STANDARD_LIBRARIES = YES;
				BUNDLE_LOADER = "$(TEST_HOST)";
				CODE_SIGN_STYLE = Automatic;
				INFOPLIST_FILE = NoteTrackerTests/Info.plist;
				LD_RUNPATH_SEARCH_PATHS = "$(inherited) @executable_path/Frameworks @loader_path/Frameworks";
				PRODUCT_BUNDLE_IDENTIFIER = com.example.NoteTrackerTests;
				PRODUCT_NAME = "$(TARGET_NAME)";
				SWIFT_VERSION = 4.0;
				TARGETED_DEVICE_FAMILY = "1,2";
				TEST_HOST = "$(BUILT_PRODUCTS_DIR)/NoteTracker.app/NoteTracker";
			};
			name = Release;
		};
/* End XCBuildConfiguration section */

/* Begin XCConfigurationList section */
		A9A7CB4D2008E14F00B152D3 /* Build configuration list for PBXProject "NoteTracker" */ = {
			isa = XCConfigurationList;
			buildConfigurations = (
				A9A7CB6D2008E15000B152D3 /* Debug */,
				A9A7CB6E2008E15000B152D3 /* Release */,
			);
			defaultConfigurationIsVisible = 0;
			defaultConfigurationName = Release;
		};
		A9A7CB6F2008E15000B152D3 /* Build configuration list for PBXNativeTarget "NoteTracker" */ = {
			isa = XCConfigurationList;
			buildConfigurations = (
				A9A7CB702008E15000B152D3 /* Debug */,
				A9A7CB712008E15000B152D3 /* Release */,
			);
			defaultConfigurationIsVisible = 0;
			defaultConfigurationName = Release;
		};
		A9A7CB722008E15000B152D3 /* Build configuration list for PBXNativeTarget "NoteTrackerTests" */ = {
			isa = XCConfigurationList;
			buildConfigurations = (
				A9A7CB732008E15000B152D3 /* Debug */,
				A9A7CB742008E15000B152D3 /* Release */,
			);
			defaultConfigurationIsVisible = 0;
			defaultConfigurationName = Release;
		};
/* End XCConfigurationList section */
	};
	rootObject = A9A7CB4A2008E14F00B152D3 /* Project object */;
}
