// !$*UTF8*$!
{
	archiveVersion = 1;
	classes = {
	};
	objectVersion = 48;
	objects = {

/* Begin PBXBuildFile section */
		A9AA75C1215CED4C006F06C8 /* AppDelegate.swift in Sources */ = {isa = PBXBuildFile; fileRef = A9AA75C0215CED4C006F06C8 /* AppDelegate.swift */; };
		A9AA75C3215CED4C006F06C8 /* ViewController.swift in Sources */ = {isa = PBXBuildFile; fileRef = A9AA75C2215CED4C006F06C8 /* ViewController.swift */; };
		A9AA75C6215CED4C006F06C8 /* Main.storyboard in Resources */ = {isa = PBXBuildFile; fileRef = A9AA75C4215CED4C006F06C8 /* Main.storyboard */; };
		A9AA75C8215CED4C006F06C8 /* Assets.xcassets in Resources */ = {isa = PBXBuildFile; fileRef = A9AA75C7215CED4C006F06C8 /* Assets.xcassets */; };
		A9AA75CB215CED4C006F06C8 /* LaunchScreen.storyboard in Resources */ = {isa = PBXBuildFile; fileRef = A9AA75C9215CED4C006F06C8 /* LaunchScreen.storyboard */; };
		A9AA75D3215CEDB3006F06C8 /* MainScreenTableViewCell.swift in Sources */ = {isa = PBXBuildFile; fileRef = A9AA75D2215CEDB3006F06C8 /* MainScreenTableViewCell.swift */; };
/* End PBXBuildFile section */

/* Begin PBXFileReference section */
		A9AA75BD215CED4B006F06C8 /* ImplementingAProjectWithXButton.app */ = {isa = PBXFileReference; explicitFileType = wrapper.application; includeInIndex = 0; path = ImplementingAProjectWithXButton.app; sourceTree = BUILT_PRODUCTS_DIR; };
		A9AA75C0215CED4C006F06C8 /* AppDelegate.swift */ = {isa = PBXFileReference; lastKnownFileType = sourcecode.swift; path = AppDelegate.swift; sourceTree = "<group>"; };
		A9AA75C2215CED4C006F06C8 /* ViewController.swift */ = {isa = PBXFileReference; lastKnownFileType = sourcecode.swift; path = ViewController.swift; sourceTree = "<group>"; };
		A9AA75C5215CED4C006F06C8 /* Base */ = {isa = PBXFileReference; lastKnownFileType = file.storyboard; name = Base; path = Base.lproj/Main.storyboard; sourceTree = "<group>"; };
		A9AA75C7215CED4C006F06C8 /* Assets.xcassets */ = {isa = PBXFileReference; lastKnownFileType = folder.assetcatalog; path = Assets.xcassets; sourceTree = "<group>"; };
		A9AA75CA215CED4C006F06C8 /* Base */ = {isa = PBXFileReference; lastKnownFileType = file.storyboard; name = Base; path = Base.lproj/LaunchScreen.storyboard; sourceTree = "<group>"; };
		A9AA75CC215CED4C006F06C8 /* Info.plist */ = {isa = PBXFileReference; lastKnownFileType = text.plist.xml; path = Info.plist; sourceTree = "<group>"; };
		A9AA75D2215CEDB3006F06C8 /* MainScreenTableViewCell.swift */ = {isa = PBXFileReference; lastKnownFileType = sourcecode.swift; path = MainScreenTableViewCell.swift; sourceTree = "<group>"; };
/* End PBXFileReference section */

/* Begin PBXFrameworksBuildPhase section */
		A9AA75BA215CED4B006F06C8 /* Frameworks */ = {
			isa = PBXFrameworksBuildPhase;
			buildActionMask = 2147483647;
			files = (
			);
			runOnlyForDeploymentPostprocessing = 0;
		};
/* End PBXFrameworksBuildPhase section */

/* Begin PBXGroup section */
		A9AA75B4215CED4B006F06C8 = {
			isa = PBXGroup;
			children = (
				A9AA75BF215CED4B006F06C8 /* ImplementingAProjectWithXButton */,
				A9AA75BE215CED4B006F06C8 /* Products */,
			);
			sourceTree = "<group>";
		};
		A9AA75BE215CED4B006F06C8 /* Products */ = {
			isa = PBXGroup;
			children = (
				A9AA75BD215CED4B006F06C8 /* ImplementingAProjectWithXButton.app */,
			);
			name = Products;
			sourceTree = "<group>";
		};
		A9AA75BF215CED4B006F06C8 /* ImplementingAProjectWithXButton */ = {
			isa = PBXGroup;
			children = (
				A9AA75C0215CED4C006F06C8 /* AppDelegate.swift */,
				A9AA75C2215CED4C006F06C8 /* ViewController.swift */,
				A9AA75D2215CEDB3006F06C8 /* MainScreenTableViewCell.swift */,
				A9AA75C4215CED4C006F06C8 /* Main.storyboard */,
				A9AA75C7215CED4C006F06C8 /* Assets.xcassets */,
				A9AA75C9215CED4C006F06C8 /* LaunchScreen.storyboard */,
				A9AA75CC215CED4C006F06C8 /* Info.plist */,
			);
			path = ImplementingAProjectWithXButton;
			sourceTree = "<group>";
		};
/* End PBXGroup section */

/* Begin PBXNativeTarget section */
		A9AA75BC215CED4B006F06C8 /* ImplementingAProjectWithXButton */ = {
			isa = PBXNativeTarget;
			buildConfigurationList = A9AA75CF215CED4C006F06C8 /* Build configuration list for PBXNativeTarget "ImplementingAProjectWithXButton" */;
			buildPhases = (
				A9AA75B9215CED4B006F06C8 /* Sources */,
				A9AA75BA215CED4B006F06C8 /* Frameworks */,
				A9AA75BB215CED4B006F06C8 /* Resources */,
			);
			buildRules = (
			);
			dependencies = (
			);
			name = ImplementingAProjectWithXButton;
			productName = ImplementingAProjectWithXButton;
			productReference = A9AA75BD215CED4B006F06C8 /* ImplementingAProjectWithXButton.app */;
			productType = "com.apple.product-type.application";
		};
/* End PBXNativeTarget section */

/* Begin PBXProject section */
		A9AA75B5215CED4B006F06C8 /* Project object */ = {
			isa = PBXProject;
			attributes = {
				LastSwiftUpdateCheck = 0920;
				LastUpgradeCheck = 0920;
				ORGANIZATIONNAME = "Kalin Karev";
				TargetAttributes = {
					A9AA75BC215CED4B006F06C8 = {
						CreatedOnToolsVersion = 9.2;
						ProvisioningStyle = Automatic;
					};
				};
			};
			buildConfigurationList = A9AA75B8215CED4B006F06C8 /* Build configuration list for PBXProject "ImplementingAProjectWithXButton" */;
			compatibilityVersion = "Xcode 8.0";
			developmentRegion = en;
			hasScannedForEncodings = 0;
			knownRegions = (
				en,
				Base,
			);
			mainGroup = A9AA75B4215CED4B006F06C8;
			productRefGroup = A9AA75BE215CED4B006F06C8 /* Products */;
			projectDirPath = "";
			projectRoot = "";
			targets = (
				A9AA75BC215CED4B006F06C8 /* ImplementingAProjectWithXButton */,
			);
		};
/* End PBXProject section */

/* Begin PBXResourcesBuildPhase section */
		A9AA75BB215CED4B006F06C8 /* Resources */ = {
			isa = PBXResourcesBuildPhase;
			buildActionMask = 2147483647;
			files = (
				A9AA75CB215CED4C006F06C8 /* LaunchScreen.storyboard in Resources */,
				A9AA75C8215CED4C006F06C8 /* Assets.xcassets in Resources */,
				A9AA75C6215CED4C006F06C8 /* Main.storyboard in Resources */,
			);
			runOnlyForDeploymentPostprocessing = 0;
		};
/* End PBXResourcesBuildPhase section */

/* Begin PBXSourcesBuildPhase section */
		A9AA75B9215CED4B006F06C8 /* Sources */ = {
			isa = PBXSourcesBuildPhase;
			buildActionMask = 2147483647;
			files = (
				A9AA75C3215CED4C006F06C8 /* ViewController.swift in Sources */,
				A9AA75C1215CED4C006F06C8 /* AppDelegate.swift in Sources */,
				A9AA75D3215CEDB3006F06C8 /* MainScreenTableViewCell.swift in Sources */,
			);
			runOnlyForDeploymentPostprocessing = 0;
		};
/* End PBXSourcesBuildPhase section */

/* Begin PBXVariantGroup section */
		A9AA75C4215CED4C006F06C8 /* Main.storyboard */ = {
			isa = PBXVariantGroup;
			children = (
				A9AA75C5215CED4C006F06C8 /* Base */,
			);
			name = Main.storyboard;
			sourceTree = "<group>";
		};
		A9AA75C9215CED4C006F06C8 /* LaunchScreen.storyboard */ = {
			isa = PBXVariantGroup;
			children = (
				A9AA75CA215CED4C006F06C8 /* Base */,
			);
			name = LaunchScreen.storyboard;
			sourceTree = "<group>";
		};
/* End PBXVariantGroup section */

/* Begin XCBuildConfiguration section */
		A9AA75CD215CED4C006F06C8 /* Debug */ = {
			isa = XCBuildConfiguration;
			buildSettings = {
				ALWAYS_SEARCH_USER_PATHS = NO;
				CLANG_ANALYZER_NONNULL = YES;
				CLANG_ANALYZER_NUMBER_OBJECT_CONVERSION = YES_AGGRESSIVE;
				CLANG_CXX_LANGUAGE_STANDARD = "gnu++14";
				CLANG_CXX_LIBRARY = "libc++";
				CLANG_ENABLE_MODULES = YES;
				CLANG_ENABLE_OBJC_ARC = YES;
				CLANG_WARN_BLOCK_CAPTURE_AUTORELEASING = YES;
				CLANG_WARN_BOOL_CONVERSION = YES;
				CLANG_WARN_COMMA = YES;
				CLANG_WARN_CONSTANT_CONVERSION = YES;
				CLANG_WARN_DIRECT_OBJC_ISA_USAGE = YES_ERROR;
				CLANG_WARN_DOCUMENTATION_COMMENTS = YES;
				CLANG_WARN_EMPTY_BODY = YES;
				CLANG_WARN_ENUM_CONVERSION = YES;
				CLANG_WARN_INFINITE_RECURSION = YES;
				CLANG_WARN_INT_CONVERSION = YES;
				CLANG_WARN_NON_LITERAL_NULL_CONVERSION = YES;
				CLANG_WARN_OBJC_LITERAL_CONVERSION = YES;
				CLANG_WARN_OBJC_ROOT_CLASS = YES_ERROR;
				CLANG_WARN_RANGE_LOOP_ANALYSIS = YES;
				CLANG_WARN_STRICT_PROTOTYPES = YES;
				CLANG_WARN_SUSPICIOUS_MOVE = YES;
				CLANG_WARN_UNGUARDED_AVAILABILITY = YES_AGGRESSIVE;
				CLANG_WARN_UNREACHABLE_CODE = YES;
				CLANG_WARN__DUPLICATE_METHOD_MATCH = YES;
				CODE_SIGN_IDENTITY = "iPhone Developer";
				COPY_PHASE_STRIP = NO;
				DEBUG_INFORMATION_FORMAT = dwarf;
				ENABLE_STRICT_OBJC_MSGSEND = YES;
				ENABLE_TESTABILITY = YES;
				GCC_C_LANGUAGE_STANDARD = gnu11;
				GCC_DYNAMIC_NO_PIC = NO;
				GCC_NO_COMMON_BLOCKS = YES;
				GCC_OPTIMIZATION_LEVEL = 0;
				GCC_PREPROCESSOR_DEFINITIONS = (
					"DEBUG=1",
					"$(inherited)",
				);
				GCC_WARN_64_TO_32_BIT_CONVERSION = YES;
				GCC_WARN_ABOUT_RETURN_TYPE = YES_ERROR;
				GCC_WARN_UNDECLARED_SELECTOR = YES;
				GCC_WARN_UNINITIALIZED_AUTOS = YES_AGGRESSIVE;
				GCC_WARN_UNUSED_FUNCTION = YES;
				GCC_WARN_UNUSED_VARIABLE = YES;
				IPHONEOS_DEPLOYMENT_TARGET = 11.2;
				MTL_ENABLE_DEBUG_INFO = YES;
				ONLY_ACTIVE_ARCH = YES;
				SDKROOT = iphoneos;
				SWIFT_ACTIVE_COMPILATION_CONDITIONS = DEBUG;
				SWIFT_OPTIMIZATION_LEVEL = "-Onone";
			};
			name = Debug;
		};
		A9AA75CE215CED4C006F06C8 /* Release */ = {
			isa = XCBuildConfiguration;
			buildSettings = {
				ALWAYS_SEARCH_USER_PATHS = NO;
				CLANG_ANALYZER_NONNULL = YES;
				CLANG_ANALYZER_NUMBER_OBJECT_CONVERSION = YES_AGGRESSIVE;
				CLANG_CXX_LANGUAGE_STANDARD = "gnu++14";
				CLANG_CXX_LIBRARY = "libc++";
				CLANG_ENABLE_MODULES = YES;
				CLANG_ENABLE_OBJC_ARC = YES;
				CLANG_WARN_BLOCK_CAPTURE_AUTORELEASING = YES;
				CLANG_WARN_BOOL_CONVERSION = YES;
				CLANG_WARN_COMMA = YES;
				CLANG_WARN_CONSTANT_CONVERSION = YES;
				CLANG_WARN_DIRECT_OBJC_ISA_USAGE = YES_ERROR;
				CLANG_WARN_DOCUMENTATION_COMMENTS = YES;
				CLANG_WARN_EMPTY_BODY = YES;
				CLANG_WARN_ENUM_CONVERSION = YES;
				CLANG_WARN_INFINITE_RECURSION = YES;
				CLANG_WARN_INT_CONVERSION = YES;
				CLANG_WARN_NON_LITERAL_NULL_CONVERSION = YES;
				CLANG_WARN_OBJC_LITERAL_CONVERSION = YES;
				CLANG_WARN_OBJC_ROOT_CLASS = YES_ERROR;
				CLANG_WARN_RANGE_LOOP_ANALYSIS = YES;
				CLANG_WARN_STRICT_PROTOTYPES = YES;
				CLANG_WARN_SUSPICIOUS_MOVE = YES;
				CLANG_WARN_UNGUARDED_AVAILABILITY = YES_AGGRESSIVE;
				CLANG_WARN_UNREACHABLE_CODE = YES;
				CLANG_WARN__DUPLICATE_METHOD_MATCH = YES;
				CODE_SIGN_IDENTITY = "iPhone Developer";
				COPY_PHASE_STRIP = NO;
				DEBUG_INFORMATION_FORMAT = "dwarf-with-dsym";
				ENABLE_NS_ASSERTIONS = NO;
				ENABLE_STRICT_OBJC_MSGSEND = YES;
				GCC_C_LANGUAGE_STANDARD = gnu11;
				GCC_NO_COMMON_BLOCKS = YES;
				GCC_WARN_64_TO_32_BIT_CONVERSION = YES;
				GCC_WARN_ABOUT_RETURN_TYPE = YES_ERROR;
				GCC_WARN_UNDECLARED_SELECTOR = YES;
				GCC_WARN_UNINITIALIZED_AUTOS = YES_AGGRESSIVE;
				GCC_WARN_UNUSED_FUNCTION = YES;
				GCC_WARN_UNUSED_VARIABLE = YES;
				IPHONEOS_DEPLOYMENT_TARGET = 11.2;
				MTL_ENABLE_DEBUG_INFO = NO;
				SDKROOT = iphoneos;
				SWIFT_OPTIMIZATION_LEVEL = "-Owholemodule";
				VALIDATE_PRODUCT = YES;
			};
			name = Release;
		};
		A9AA75D0215CED4C006F06C8 /* Debug */ = {
			isa = XCBuildConfiguration;
			buildSettings = {
				ASSETCATALOG_COMPILER_APPICON_NAME = AppIcon;
				CODE_SIGN_STYLE = Automatic;
				DEVELOPMENT_TEAM = C27L7H3CHY;
				INFOPLIST_FILE = ImplementingAProjectWithXButton/Info.plist;
				LD_RUNPATH_SEARCH_PATHS = "$(inherited) @executable_path/Frameworks";
				PRODUCT_BUNDLE_IDENTIFIER = com.example.ImplementingAProjectWithXButton;
				PRODUCT_NAME = "$(TARGET_NAME)";
				SWIFT_VERSION = 4.0;
				TARGETED_DEVICE_FAMILY = "1,2";
			};
			name = Debug;
		};
		A9AA75D1215CED4C006F06C8 /* Release */ = {
			isa = XCBuildConfiguration;
			buildSettings = {
				ASSETCATALOG_COMPILER_APPICON_NAME = AppIcon;
				CODE_SIGN_STYLE = Automatic;
				DEVELOPMENT_TEAM = C27L7H3CHY;
				INFOPLIST_FILE = ImplementingAProjectWithXButton/Info.plist;
				LD_RUNPATH_SEARCH_PATHS = "$(inherited) @executable_path/Frameworks";
				PRODUCT_BUNDLE_IDENTIFIER = com.example.ImplementingAProjectWithXButton;
				PRODUCT_NAME = "$(TARGET_NAME)";
				SWIFT_VERSION = 4.0;
				TARGETED_DEVICE_FAMILY = "1,2";
			};
			name = Release;
		};
/* End XCBuildConfiguration section */

/* Begin XCConfigurationList section */
		A9AA75B8215CED4B006F06C8 /* Build configuration list for PBXProject "ImplementingAProjectWithXButton" */ = {
			isa = XCConfigurationList;
			buildConfigurations = (
				A9AA75CD215CED4C006F06C8 /* Debug */,
				A9AA75CE215CED4C006F06C8 /* Release */,
			);
			defaultConfigurationIsVisible = 0;
			defaultConfigurationName = Release;
		};
		A9AA75CF215CED4C006F06C8 /* Build configuration list for PBXNativeTarget "ImplementingAProjectWithXButton" */ = {
			isa = XCConfigurationList;
			buildConfigurations = (
				A9AA75D0215CED4C006F06C8 /* Debug */,
				A9AA75D1215CED4C006F06C8 /* Release */,
			);
			defaultConfigurationIsVisible = 0;
			defaultConfigurationName = Release;
		};
/* End XCConfigurationList section */
	};
	rootObject = A9AA75B5215CED4B006F06C8 /* Project object */;
}
